// !$*UTF8*$!
{
	archiveVersion = 1;
	classes = {
	};
	objectVersion = 48;
	objects = {

/* Begin PBXBuildFile section */
		6BD183251D1B542916FE0443 /* Pods_PasswordManager.framework in Frameworks */ = {isa = PBXBuildFile; fileRef = 572D940B6CCD7C7CDC00599C /* Pods_PasswordManager.framework */; };
		90FC11A204BBE2193B63AD58 /* Pods_PasswordManagerUITests.framework in Frameworks */ = {isa = PBXBuildFile; fileRef = 6F0C55315BA605111AC59AE2 /* Pods_PasswordManagerUITests.framework */; };
		E4F99667EEA4F70E9793DAC1 /* Pods_PasswordManagerTests.framework in Frameworks */ = {isa = PBXBuildFile; fileRef = DBF99D7F0A04E60ADD7A06E7 /* Pods_PasswordManagerTests.framework */; };
		E9198A2E20731AE900278D5B /* IQTextView.swift in Sources */ = {isa = PBXBuildFile; fileRef = E9198A1820731AE800278D5B /* IQTextView.swift */; };
		E9198A2F20731AE900278D5B /* IQPreviousNextView.swift in Sources */ = {isa = PBXBuildFile; fileRef = E9198A1A20731AE800278D5B /* IQPreviousNextView.swift */; };
		E9198A3020731AE900278D5B /* IQTitleBarButtonItem.swift in Sources */ = {isa = PBXBuildFile; fileRef = E9198A1B20731AE800278D5B /* IQTitleBarButtonItem.swift */; };
		E9198A3120731AE900278D5B /* IQBarButtonItem.swift in Sources */ = {isa = PBXBuildFile; fileRef = E9198A1C20731AE800278D5B /* IQBarButtonItem.swift */; };
		E9198A3220731AE900278D5B /* IQToolbar.swift in Sources */ = {isa = PBXBuildFile; fileRef = E9198A1D20731AE800278D5B /* IQToolbar.swift */; };
		E9198A3320731AE900278D5B /* IQUIView+IQKeyboardToolbar.swift in Sources */ = {isa = PBXBuildFile; fileRef = E9198A1E20731AE800278D5B /* IQUIView+IQKeyboardToolbar.swift */; };
		E9198A3420731AE900278D5B /* IQKeyboardManagerConstantsInternal.swift in Sources */ = {isa = PBXBuildFile; fileRef = E9198A2020731AE800278D5B /* IQKeyboardManagerConstantsInternal.swift */; };
		E9198A3520731AE900278D5B /* IQKeyboardManagerConstants.swift in Sources */ = {isa = PBXBuildFile; fileRef = E9198A2120731AE800278D5B /* IQKeyboardManagerConstants.swift */; };
		E9198A3620731AE900278D5B /* IQKeyboardManager.bundle in Resources */ = {isa = PBXBuildFile; fileRef = E9198A2320731AE800278D5B /* IQKeyboardManager.bundle */; };
		E9198A3720731AE900278D5B /* IQKeyboardReturnKeyHandler.swift in Sources */ = {isa = PBXBuildFile; fileRef = E9198A2420731AE800278D5B /* IQKeyboardReturnKeyHandler.swift */; };
		E9198A3820731AE900278D5B /* IQKeyboardManager.swift in Sources */ = {isa = PBXBuildFile; fileRef = E9198A2520731AE800278D5B /* IQKeyboardManager.swift */; };
		E9198A3920731AE900278D5B /* IQUIWindow+Hierarchy.swift in Sources */ = {isa = PBXBuildFile; fileRef = E9198A2820731AE800278D5B /* IQUIWindow+Hierarchy.swift */; };
		E9198A3A20731AE900278D5B /* IQUIScrollView+Additions.swift in Sources */ = {isa = PBXBuildFile; fileRef = E9198A2920731AE800278D5B /* IQUIScrollView+Additions.swift */; };
		E9198A3B20731AE900278D5B /* IQUIViewController+Additions.swift in Sources */ = {isa = PBXBuildFile; fileRef = E9198A2A20731AE800278D5B /* IQUIViewController+Additions.swift */; };
		E9198A3C20731AE900278D5B /* IQUITextFieldView+Additions.swift in Sources */ = {isa = PBXBuildFile; fileRef = E9198A2B20731AE800278D5B /* IQUITextFieldView+Additions.swift */; };
		E9198A3D20731AE900278D5B /* IQUIView+Hierarchy.swift in Sources */ = {isa = PBXBuildFile; fileRef = E9198A2C20731AE800278D5B /* IQUIView+Hierarchy.swift */; };
		E9198A3E20731AE900278D5B /* IQNSArray+Sort.swift in Sources */ = {isa = PBXBuildFile; fileRef = E9198A2D20731AE800278D5B /* IQNSArray+Sort.swift */; };
		E9198A4020731D3B00278D5B /* AuthenticationPresenter.swift in Sources */ = {isa = PBXBuildFile; fileRef = E9198A3F20731D3B00278D5B /* AuthenticationPresenter.swift */; };
		E9198A492073A36800278D5B /* AlertViewController.swift in Sources */ = {isa = PBXBuildFile; fileRef = E9198A472073A36800278D5B /* AlertViewController.swift */; };
		E9198A4A2073A36800278D5B /* AlertViewController.xib in Resources */ = {isa = PBXBuildFile; fileRef = E9198A482073A36800278D5B /* AlertViewController.xib */; };
		E9198A4C2073D35300278D5B /* LocalAuthentication.framework in Frameworks */ = {isa = PBXBuildFile; fileRef = E9198A4B2073D35300278D5B /* LocalAuthentication.framework */; };
		E9B0D4462074F7AB00B15756 /* PasswordsPresenter.swift in Sources */ = {isa = PBXBuildFile; fileRef = E9B0D4452074F7AB00B15756 /* PasswordsPresenter.swift */; };
		E9B0D44920750E7700B15756 /* DetalhesPresenter.swift in Sources */ = {isa = PBXBuildFile; fileRef = E9B0D44820750E7700B15756 /* DetalhesPresenter.swift */; };
		E9B0D44B20750EA200B15756 /* NewPasswordPresenter.swift in Sources */ = {isa = PBXBuildFile; fileRef = E9B0D44A20750EA200B15756 /* NewPasswordPresenter.swift */; };
		E9B0D44F2075131300B15756 /* PasswordTableViewCell.swift in Sources */ = {isa = PBXBuildFile; fileRef = E9B0D44D2075131300B15756 /* PasswordTableViewCell.swift */; };
		E9B0D4502075131300B15756 /* PasswordTableViewCell.xib in Resources */ = {isa = PBXBuildFile; fileRef = E9B0D44E2075131300B15756 /* PasswordTableViewCell.xib */; };
		E9B0D4522075142D00B15756 /* PasswordCellPresenter.swift in Sources */ = {isa = PBXBuildFile; fileRef = E9B0D4512075142D00B15756 /* PasswordCellPresenter.swift */; };
		E9EE6F76207198670041E145 /* AppDelegate.swift in Sources */ = {isa = PBXBuildFile; fileRef = E9EE6F75207198670041E145 /* AppDelegate.swift */; };
		E9EE6F78207198670041E145 /* AuthenticationViewController.swift in Sources */ = {isa = PBXBuildFile; fileRef = E9EE6F77207198670041E145 /* AuthenticationViewController.swift */; };
		E9EE6F7B207198670041E145 /* Main.storyboard in Resources */ = {isa = PBXBuildFile; fileRef = E9EE6F79207198670041E145 /* Main.storyboard */; };
		E9EE6F7D207198670041E145 /* Assets.xcassets in Resources */ = {isa = PBXBuildFile; fileRef = E9EE6F7C207198670041E145 /* Assets.xcassets */; };
		E9EE6F80207198670041E145 /* LaunchScreen.storyboard in Resources */ = {isa = PBXBuildFile; fileRef = E9EE6F7E207198670041E145 /* LaunchScreen.storyboard */; };
		E9EE6F8B207198670041E145 /* PasswordManagerTests.swift in Sources */ = {isa = PBXBuildFile; fileRef = E9EE6F8A207198670041E145 /* PasswordManagerTests.swift */; };
		E9EE6F96207198670041E145 /* PasswordManagerUITests.swift in Sources */ = {isa = PBXBuildFile; fileRef = E9EE6F95207198670041E145 /* PasswordManagerUITests.swift */; };
		E9EE6FA420719EBE0041E145 /* KeychainManager.swift in Sources */ = {isa = PBXBuildFile; fileRef = E9EE6FA320719EBE0041E145 /* KeychainManager.swift */; };
		E9EE6FA62071A4F90041E145 /* PasswordItem.swift in Sources */ = {isa = PBXBuildFile; fileRef = E9EE6FA52071A4F90041E145 /* PasswordItem.swift */; };
		E9EE6FA82071CB210041E145 /* NetworkManager.swift in Sources */ = {isa = PBXBuildFile; fileRef = E9EE6FA72071CB210041E145 /* NetworkManager.swift */; };
		E9EE6FAA207308550041E145 /* UIViewDesignable.swift in Sources */ = {isa = PBXBuildFile; fileRef = E9EE6FA9207308550041E145 /* UIViewDesignable.swift */; };
		E9EE6FAC20730A190041E145 /* UIButtonDesignable.swift in Sources */ = {isa = PBXBuildFile; fileRef = E9EE6FAB20730A190041E145 /* UIButtonDesignable.swift */; };
		E9F939552074111A0014ACCD /* PasswordsViewController.swift in Sources */ = {isa = PBXBuildFile; fileRef = E9F939542074111A0014ACCD /* PasswordsViewController.swift */; };
		E9F93957207418070014ACCD /* NewPasswordViewController.swift in Sources */ = {isa = PBXBuildFile; fileRef = E9F93956207418070014ACCD /* NewPasswordViewController.swift */; };
		E9F93959207418190014ACCD /* DetalhesViewController.swift in Sources */ = {isa = PBXBuildFile; fileRef = E9F93958207418190014ACCD /* DetalhesViewController.swift */; };
/* End PBXBuildFile section */

/* Begin PBXContainerItemProxy section */
		E9EE6F87207198670041E145 /* PBXContainerItemProxy */ = {
			isa = PBXContainerItemProxy;
			containerPortal = E9EE6F6A207198670041E145 /* Project object */;
			proxyType = 1;
			remoteGlobalIDString = E9EE6F71207198670041E145;
			remoteInfo = PasswordManager;
		};
		E9EE6F92207198670041E145 /* PBXContainerItemProxy */ = {
			isa = PBXContainerItemProxy;
			containerPortal = E9EE6F6A207198670041E145 /* Project object */;
			proxyType = 1;
			remoteGlobalIDString = E9EE6F71207198670041E145;
			remoteInfo = PasswordManager;
		};
/* End PBXContainerItemProxy section */

/* Begin PBXFileReference section */
		177FA319C9E8F05EC7A458B7 /* Pods-PasswordManagerUITests.release.xcconfig */ = {isa = PBXFileReference; includeInIndex = 1; lastKnownFileType = text.xcconfig; name = "Pods-PasswordManagerUITests.release.xcconfig"; path = "Pods/Target Support Files/Pods-PasswordManagerUITests/Pods-PasswordManagerUITests.release.xcconfig"; sourceTree = "<group>"; };
		3B3C6C19F3CC25A991E89C62 /* Pods-PasswordManager.debug.xcconfig */ = {isa = PBXFileReference; includeInIndex = 1; lastKnownFileType = text.xcconfig; name = "Pods-PasswordManager.debug.xcconfig"; path = "Pods/Target Support Files/Pods-PasswordManager/Pods-PasswordManager.debug.xcconfig"; sourceTree = "<group>"; };
		3EE7BAE3774191BB2989D959 /* Pods-PasswordManagerUITests.debug.xcconfig */ = {isa = PBXFileReference; includeInIndex = 1; lastKnownFileType = text.xcconfig; name = "Pods-PasswordManagerUITests.debug.xcconfig"; path = "Pods/Target Support Files/Pods-PasswordManagerUITests/Pods-PasswordManagerUITests.debug.xcconfig"; sourceTree = "<group>"; };
		572D940B6CCD7C7CDC00599C /* Pods_PasswordManager.framework */ = {isa = PBXFileReference; explicitFileType = wrapper.framework; includeInIndex = 0; path = Pods_PasswordManager.framework; sourceTree = BUILT_PRODUCTS_DIR; };
		687B6DC8612E64ECE6E5B8E6 /* Pods-PasswordManagerTests.debug.xcconfig */ = {isa = PBXFileReference; includeInIndex = 1; lastKnownFileType = text.xcconfig; name = "Pods-PasswordManagerTests.debug.xcconfig"; path = "Pods/Target Support Files/Pods-PasswordManagerTests/Pods-PasswordManagerTests.debug.xcconfig"; sourceTree = "<group>"; };
		6F0C55315BA605111AC59AE2 /* Pods_PasswordManagerUITests.framework */ = {isa = PBXFileReference; explicitFileType = wrapper.framework; includeInIndex = 0; path = Pods_PasswordManagerUITests.framework; sourceTree = BUILT_PRODUCTS_DIR; };
		DBF99D7F0A04E60ADD7A06E7 /* Pods_PasswordManagerTests.framework */ = {isa = PBXFileReference; explicitFileType = wrapper.framework; includeInIndex = 0; path = Pods_PasswordManagerTests.framework; sourceTree = BUILT_PRODUCTS_DIR; };
		E1A60E03E3A72AD37A207644 /* Pods-PasswordManagerTests.release.xcconfig */ = {isa = PBXFileReference; includeInIndex = 1; lastKnownFileType = text.xcconfig; name = "Pods-PasswordManagerTests.release.xcconfig"; path = "Pods/Target Support Files/Pods-PasswordManagerTests/Pods-PasswordManagerTests.release.xcconfig"; sourceTree = "<group>"; };
		E9198A1820731AE800278D5B /* IQTextView.swift */ = {isa = PBXFileReference; fileEncoding = 4; lastKnownFileType = sourcecode.swift; path = IQTextView.swift; sourceTree = "<group>"; };
		E9198A1A20731AE800278D5B /* IQPreviousNextView.swift */ = {isa = PBXFileReference; fileEncoding = 4; lastKnownFileType = sourcecode.swift; path = IQPreviousNextView.swift; sourceTree = "<group>"; };
		E9198A1B20731AE800278D5B /* IQTitleBarButtonItem.swift */ = {isa = PBXFileReference; fileEncoding = 4; lastKnownFileType = sourcecode.swift; path = IQTitleBarButtonItem.swift; sourceTree = "<group>"; };
		E9198A1C20731AE800278D5B /* IQBarButtonItem.swift */ = {isa = PBXFileReference; fileEncoding = 4; lastKnownFileType = sourcecode.swift; path = IQBarButtonItem.swift; sourceTree = "<group>"; };
		E9198A1D20731AE800278D5B /* IQToolbar.swift */ = {isa = PBXFileReference; fileEncoding = 4; lastKnownFileType = sourcecode.swift; path = IQToolbar.swift; sourceTree = "<group>"; };
		E9198A1E20731AE800278D5B /* IQUIView+IQKeyboardToolbar.swift */ = {isa = PBXFileReference; fileEncoding = 4; lastKnownFileType = sourcecode.swift; path = "IQUIView+IQKeyboardToolbar.swift"; sourceTree = "<group>"; };
		E9198A2020731AE800278D5B /* IQKeyboardManagerConstantsInternal.swift */ = {isa = PBXFileReference; fileEncoding = 4; lastKnownFileType = sourcecode.swift; path = IQKeyboardManagerConstantsInternal.swift; sourceTree = "<group>"; };
		E9198A2120731AE800278D5B /* IQKeyboardManagerConstants.swift */ = {isa = PBXFileReference; fileEncoding = 4; lastKnownFileType = sourcecode.swift; path = IQKeyboardManagerConstants.swift; sourceTree = "<group>"; };
		E9198A2320731AE800278D5B /* IQKeyboardManager.bundle */ = {isa = PBXFileReference; lastKnownFileType = "wrapper.plug-in"; path = IQKeyboardManager.bundle; sourceTree = "<group>"; };
		E9198A2420731AE800278D5B /* IQKeyboardReturnKeyHandler.swift */ = {isa = PBXFileReference; fileEncoding = 4; lastKnownFileType = sourcecode.swift; path = IQKeyboardReturnKeyHandler.swift; sourceTree = "<group>"; };
		E9198A2520731AE800278D5B /* IQKeyboardManager.swift */ = {isa = PBXFileReference; fileEncoding = 4; lastKnownFileType = sourcecode.swift; path = IQKeyboardManager.swift; sourceTree = "<group>"; };
		E9198A2620731AE800278D5B /* IQKeyboardManagerSwift.h */ = {isa = PBXFileReference; fileEncoding = 4; lastKnownFileType = sourcecode.c.h; path = IQKeyboardManagerSwift.h; sourceTree = "<group>"; };
		E9198A2820731AE800278D5B /* IQUIWindow+Hierarchy.swift */ = {isa = PBXFileReference; fileEncoding = 4; lastKnownFileType = sourcecode.swift; path = "IQUIWindow+Hierarchy.swift"; sourceTree = "<group>"; };
		E9198A2920731AE800278D5B /* IQUIScrollView+Additions.swift */ = {isa = PBXFileReference; fileEncoding = 4; lastKnownFileType = sourcecode.swift; path = "IQUIScrollView+Additions.swift"; sourceTree = "<group>"; };
		E9198A2A20731AE800278D5B /* IQUIViewController+Additions.swift */ = {isa = PBXFileReference; fileEncoding = 4; lastKnownFileType = sourcecode.swift; path = "IQUIViewController+Additions.swift"; sourceTree = "<group>"; };
		E9198A2B20731AE800278D5B /* IQUITextFieldView+Additions.swift */ = {isa = PBXFileReference; fileEncoding = 4; lastKnownFileType = sourcecode.swift; path = "IQUITextFieldView+Additions.swift"; sourceTree = "<group>"; };
		E9198A2C20731AE800278D5B /* IQUIView+Hierarchy.swift */ = {isa = PBXFileReference; fileEncoding = 4; lastKnownFileType = sourcecode.swift; path = "IQUIView+Hierarchy.swift"; sourceTree = "<group>"; };
		E9198A2D20731AE800278D5B /* IQNSArray+Sort.swift */ = {isa = PBXFileReference; fileEncoding = 4; lastKnownFileType = sourcecode.swift; path = "IQNSArray+Sort.swift"; sourceTree = "<group>"; };
		E9198A3F20731D3B00278D5B /* AuthenticationPresenter.swift */ = {isa = PBXFileReference; lastKnownFileType = sourcecode.swift; path = AuthenticationPresenter.swift; sourceTree = "<group>"; };
		E9198A472073A36800278D5B /* AlertViewController.swift */ = {isa = PBXFileReference; lastKnownFileType = sourcecode.swift; path = AlertViewController.swift; sourceTree = "<group>"; };
		E9198A482073A36800278D5B /* AlertViewController.xib */ = {isa = PBXFileReference; lastKnownFileType = file.xib; path = AlertViewController.xib; sourceTree = "<group>"; };
		E9198A4B2073D35300278D5B /* LocalAuthentication.framework */ = {isa = PBXFileReference; lastKnownFileType = wrapper.framework; name = LocalAuthentication.framework; path = System/Library/Frameworks/LocalAuthentication.framework; sourceTree = SDKROOT; };
		E9B0D4452074F7AB00B15756 /* PasswordsPresenter.swift */ = {isa = PBXFileReference; lastKnownFileType = sourcecode.swift; path = PasswordsPresenter.swift; sourceTree = "<group>"; };
		E9B0D44820750E7700B15756 /* DetalhesPresenter.swift */ = {isa = PBXFileReference; lastKnownFileType = sourcecode.swift; path = DetalhesPresenter.swift; sourceTree = "<group>"; };
		E9B0D44A20750EA200B15756 /* NewPasswordPresenter.swift */ = {isa = PBXFileReference; lastKnownFileType = sourcecode.swift; path = NewPasswordPresenter.swift; sourceTree = "<group>"; };
		E9B0D44D2075131300B15756 /* PasswordTableViewCell.swift */ = {isa = PBXFileReference; lastKnownFileType = sourcecode.swift; path = PasswordTableViewCell.swift; sourceTree = "<group>"; };
		E9B0D44E2075131300B15756 /* PasswordTableViewCell.xib */ = {isa = PBXFileReference; lastKnownFileType = file.xib; path = PasswordTableViewCell.xib; sourceTree = "<group>"; };
		E9B0D4512075142D00B15756 /* PasswordCellPresenter.swift */ = {isa = PBXFileReference; lastKnownFileType = sourcecode.swift; path = PasswordCellPresenter.swift; sourceTree = "<group>"; };
		E9EE6F72207198670041E145 /* PasswordManager.app */ = {isa = PBXFileReference; explicitFileType = wrapper.application; includeInIndex = 0; path = PasswordManager.app; sourceTree = BUILT_PRODUCTS_DIR; };
		E9EE6F75207198670041E145 /* AppDelegate.swift */ = {isa = PBXFileReference; lastKnownFileType = sourcecode.swift; path = AppDelegate.swift; sourceTree = "<group>"; };
		E9EE6F77207198670041E145 /* AuthenticationViewController.swift */ = {isa = PBXFileReference; lastKnownFileType = sourcecode.swift; path = AuthenticationViewController.swift; sourceTree = "<group>"; };
		E9EE6F7A207198670041E145 /* Base */ = {isa = PBXFileReference; lastKnownFileType = file.storyboard; name = Base; path = Base.lproj/Main.storyboard; sourceTree = "<group>"; };
		E9EE6F7C207198670041E145 /* Assets.xcassets */ = {isa = PBXFileReference; lastKnownFileType = folder.assetcatalog; path = Assets.xcassets; sourceTree = "<group>"; };
		E9EE6F7F207198670041E145 /* Base */ = {isa = PBXFileReference; lastKnownFileType = file.storyboard; name = Base; path = Base.lproj/LaunchScreen.storyboard; sourceTree = "<group>"; };
		E9EE6F81207198670041E145 /* Info.plist */ = {isa = PBXFileReference; lastKnownFileType = text.plist.xml; path = Info.plist; sourceTree = "<group>"; };
		E9EE6F86207198670041E145 /* PasswordManagerTests.xctest */ = {isa = PBXFileReference; explicitFileType = wrapper.cfbundle; includeInIndex = 0; path = PasswordManagerTests.xctest; sourceTree = BUILT_PRODUCTS_DIR; };
		E9EE6F8A207198670041E145 /* PasswordManagerTests.swift */ = {isa = PBXFileReference; lastKnownFileType = sourcecode.swift; path = PasswordManagerTests.swift; sourceTree = "<group>"; };
		E9EE6F8C207198670041E145 /* Info.plist */ = {isa = PBXFileReference; lastKnownFileType = text.plist.xml; path = Info.plist; sourceTree = "<group>"; };
		E9EE6F91207198670041E145 /* PasswordManagerUITests.xctest */ = {isa = PBXFileReference; explicitFileType = wrapper.cfbundle; includeInIndex = 0; path = PasswordManagerUITests.xctest; sourceTree = BUILT_PRODUCTS_DIR; };
		E9EE6F95207198670041E145 /* PasswordManagerUITests.swift */ = {isa = PBXFileReference; lastKnownFileType = sourcecode.swift; path = PasswordManagerUITests.swift; sourceTree = "<group>"; };
		E9EE6F97207198670041E145 /* Info.plist */ = {isa = PBXFileReference; lastKnownFileType = text.plist.xml; path = Info.plist; sourceTree = "<group>"; };
		E9EE6FA320719EBE0041E145 /* KeychainManager.swift */ = {isa = PBXFileReference; lastKnownFileType = sourcecode.swift; path = KeychainManager.swift; sourceTree = "<group>"; };
		E9EE6FA52071A4F90041E145 /* PasswordItem.swift */ = {isa = PBXFileReference; lastKnownFileType = sourcecode.swift; path = PasswordItem.swift; sourceTree = "<group>"; };
		E9EE6FA72071CB210041E145 /* NetworkManager.swift */ = {isa = PBXFileReference; lastKnownFileType = sourcecode.swift; path = NetworkManager.swift; sourceTree = "<group>"; };
		E9EE6FA9207308550041E145 /* UIViewDesignable.swift */ = {isa = PBXFileReference; lastKnownFileType = sourcecode.swift; path = UIViewDesignable.swift; sourceTree = "<group>"; };
		E9EE6FAB20730A190041E145 /* UIButtonDesignable.swift */ = {isa = PBXFileReference; lastKnownFileType = sourcecode.swift; path = UIButtonDesignable.swift; sourceTree = "<group>"; };
		E9F939542074111A0014ACCD /* PasswordsViewController.swift */ = {isa = PBXFileReference; lastKnownFileType = sourcecode.swift; path = PasswordsViewController.swift; sourceTree = "<group>"; };
		E9F93956207418070014ACCD /* NewPasswordViewController.swift */ = {isa = PBXFileReference; lastKnownFileType = sourcecode.swift; path = NewPasswordViewController.swift; sourceTree = "<group>"; };
		E9F93958207418190014ACCD /* DetalhesViewController.swift */ = {isa = PBXFileReference; lastKnownFileType = sourcecode.swift; path = DetalhesViewController.swift; sourceTree = "<group>"; };
		EB53EB27C6ADBEA7A4BFFCE2 /* Pods-PasswordManager.release.xcconfig */ = {isa = PBXFileReference; includeInIndex = 1; lastKnownFileType = text.xcconfig; name = "Pods-PasswordManager.release.xcconfig"; path = "Pods/Target Support Files/Pods-PasswordManager/Pods-PasswordManager.release.xcconfig"; sourceTree = "<group>"; };
/* End PBXFileReference section */

/* Begin PBXFrameworksBuildPhase section */
		E9EE6F6F207198670041E145 /* Frameworks */ = {
			isa = PBXFrameworksBuildPhase;
			buildActionMask = 2147483647;
			files = (
				E9198A4C2073D35300278D5B /* LocalAuthentication.framework in Frameworks */,
				6BD183251D1B542916FE0443 /* Pods_PasswordManager.framework in Frameworks */,
			);
			runOnlyForDeploymentPostprocessing = 0;
		};
		E9EE6F83207198670041E145 /* Frameworks */ = {
			isa = PBXFrameworksBuildPhase;
			buildActionMask = 2147483647;
			files = (
				E4F99667EEA4F70E9793DAC1 /* Pods_PasswordManagerTests.framework in Frameworks */,
			);
			runOnlyForDeploymentPostprocessing = 0;
		};
		E9EE6F8E207198670041E145 /* Frameworks */ = {
			isa = PBXFrameworksBuildPhase;
			buildActionMask = 2147483647;
			files = (
				90FC11A204BBE2193B63AD58 /* Pods_PasswordManagerUITests.framework in Frameworks */,
			);
			runOnlyForDeploymentPostprocessing = 0;
		};
/* End PBXFrameworksBuildPhase section */

/* Begin PBXGroup section */
		4793207D87435E2CFBEB1220 /* Frameworks */ = {
			isa = PBXGroup;
			children = (
				E9198A4B2073D35300278D5B /* LocalAuthentication.framework */,
				572D940B6CCD7C7CDC00599C /* Pods_PasswordManager.framework */,
				DBF99D7F0A04E60ADD7A06E7 /* Pods_PasswordManagerTests.framework */,
				6F0C55315BA605111AC59AE2 /* Pods_PasswordManagerUITests.framework */,
			);
			name = Frameworks;
			sourceTree = "<group>";
		};
		E9198A1620731AE800278D5B /* IQKeyboardManagerSwift */ = {
			isa = PBXGroup;
			children = (
				E9198A1720731AE800278D5B /* IQTextView */,
				E9198A1920731AE800278D5B /* IQToolbar */,
				E9198A1F20731AE800278D5B /* Constants */,
				E9198A2220731AE800278D5B /* Resources */,
				E9198A2420731AE800278D5B /* IQKeyboardReturnKeyHandler.swift */,
				E9198A2520731AE800278D5B /* IQKeyboardManager.swift */,
				E9198A2620731AE800278D5B /* IQKeyboardManagerSwift.h */,
				E9198A2720731AE800278D5B /* Categories */,
			);
			path = IQKeyboardManagerSwift;
			sourceTree = "<group>";
		};
		E9198A1720731AE800278D5B /* IQTextView */ = {
			isa = PBXGroup;
			children = (
				E9198A1820731AE800278D5B /* IQTextView.swift */,
			);
			path = IQTextView;
			sourceTree = "<group>";
		};
		E9198A1920731AE800278D5B /* IQToolbar */ = {
			isa = PBXGroup;
			children = (
				E9198A1A20731AE800278D5B /* IQPreviousNextView.swift */,
				E9198A1B20731AE800278D5B /* IQTitleBarButtonItem.swift */,
				E9198A1C20731AE800278D5B /* IQBarButtonItem.swift */,
				E9198A1D20731AE800278D5B /* IQToolbar.swift */,
				E9198A1E20731AE800278D5B /* IQUIView+IQKeyboardToolbar.swift */,
			);
			path = IQToolbar;
			sourceTree = "<group>";
		};
		E9198A1F20731AE800278D5B /* Constants */ = {
			isa = PBXGroup;
			children = (
				E9198A2020731AE800278D5B /* IQKeyboardManagerConstantsInternal.swift */,
				E9198A2120731AE800278D5B /* IQKeyboardManagerConstants.swift */,
			);
			path = Constants;
			sourceTree = "<group>";
		};
		E9198A2220731AE800278D5B /* Resources */ = {
			isa = PBXGroup;
			children = (
				E9198A2320731AE800278D5B /* IQKeyboardManager.bundle */,
			);
			path = Resources;
			sourceTree = "<group>";
		};
		E9198A2720731AE800278D5B /* Categories */ = {
			isa = PBXGroup;
			children = (
				E9198A2820731AE800278D5B /* IQUIWindow+Hierarchy.swift */,
				E9198A2920731AE800278D5B /* IQUIScrollView+Additions.swift */,
				E9198A2A20731AE800278D5B /* IQUIViewController+Additions.swift */,
				E9198A2B20731AE800278D5B /* IQUITextFieldView+Additions.swift */,
				E9198A2C20731AE800278D5B /* IQUIView+Hierarchy.swift */,
				E9198A2D20731AE800278D5B /* IQNSArray+Sort.swift */,
			);
			path = Categories;
			sourceTree = "<group>";
		};
		E9B0D4472074F87200B15756 /* Alert */ = {
			isa = PBXGroup;
			children = (
				E9198A472073A36800278D5B /* AlertViewController.swift */,
				E9198A482073A36800278D5B /* AlertViewController.xib */,
			);
			path = Alert;
			sourceTree = "<group>";
		};
		E9B0D44C207512F300B15756 /* Cell */ = {
			isa = PBXGroup;
			children = (
				E9B0D44D2075131300B15756 /* PasswordTableViewCell.swift */,
				E9B0D44E2075131300B15756 /* PasswordTableViewCell.xib */,
				E9B0D4512075142D00B15756 /* PasswordCellPresenter.swift */,
			);
			path = Cell;
			sourceTree = "<group>";
		};
		E9EE6F69207198670041E145 = {
			isa = PBXGroup;
			children = (
				E9EE6F74207198670041E145 /* PasswordManager */,
				E9EE6F89207198670041E145 /* PasswordManagerTests */,
				E9EE6F94207198670041E145 /* PasswordManagerUITests */,
				E9EE6F73207198670041E145 /* Products */,
				FFF202E5CF09DFA257114BEF /* Pods */,
				4793207D87435E2CFBEB1220 /* Frameworks */,
			);
			sourceTree = "<group>";
		};
		E9EE6F73207198670041E145 /* Products */ = {
			isa = PBXGroup;
			children = (
				E9EE6F72207198670041E145 /* PasswordManager.app */,
				E9EE6F86207198670041E145 /* PasswordManagerTests.xctest */,
				E9EE6F91207198670041E145 /* PasswordManagerUITests.xctest */,
			);
			name = Products;
			sourceTree = "<group>";
		};
		E9EE6F74207198670041E145 /* PasswordManager */ = {
			isa = PBXGroup;
			children = (
				E9198A1620731AE800278D5B /* IQKeyboardManagerSwift */,
				E9F9395A207418200014ACCD /* Scenes */,
				E9F93962207419140014ACCD /* Model */,
				E9F93960207418A70014ACCD /* Persistance */,
				E9F93961207418F60014ACCD /* Helpers */,
				E9F9395F207418840014ACCD /* Core */,
			);
			path = PasswordManager;
			sourceTree = "<group>";
		};
		E9EE6F89207198670041E145 /* PasswordManagerTests */ = {
			isa = PBXGroup;
			children = (
				E9EE6F8A207198670041E145 /* PasswordManagerTests.swift */,
				E9EE6F8C207198670041E145 /* Info.plist */,
			);
			path = PasswordManagerTests;
			sourceTree = "<group>";
		};
		E9EE6F94207198670041E145 /* PasswordManagerUITests */ = {
			isa = PBXGroup;
			children = (
				E9EE6F95207198670041E145 /* PasswordManagerUITests.swift */,
				E9EE6F97207198670041E145 /* Info.plist */,
			);
			path = PasswordManagerUITests;
			sourceTree = "<group>";
		};
		E9F9395A207418200014ACCD /* Scenes */ = {
			isa = PBXGroup;
			children = (
				E9B0D4472074F87200B15756 /* Alert */,
				E9F9395E2074186E0014ACCD /* Detail */,
				E9F9395D2074185B0014ACCD /* NewPassword */,
				E9F9395C207418490014ACCD /* Passwords */,
				E9F9395B2074182B0014ACCD /* Authentication */,
			);
			path = Scenes;
			sourceTree = "<group>";
		};
		E9F9395B2074182B0014ACCD /* Authentication */ = {
			isa = PBXGroup;
			children = (
				E9EE6F77207198670041E145 /* AuthenticationViewController.swift */,
				E9198A3F20731D3B00278D5B /* AuthenticationPresenter.swift */,
			);
			path = Authentication;
			sourceTree = "<group>";
		};
		E9F9395C207418490014ACCD /* Passwords */ = {
			isa = PBXGroup;
			children = (
				E9B0D44C207512F300B15756 /* Cell */,
				E9F939542074111A0014ACCD /* PasswordsViewController.swift */,
				E9B0D4452074F7AB00B15756 /* PasswordsPresenter.swift */,
			);
			path = Passwords;
			sourceTree = "<group>";
		};
		E9F9395D2074185B0014ACCD /* NewPassword */ = {
			isa = PBXGroup;
			children = (
				E9F93956207418070014ACCD /* NewPasswordViewController.swift */,
				E9B0D44A20750EA200B15756 /* NewPasswordPresenter.swift */,
			);
			path = NewPassword;
			sourceTree = "<group>";
		};
		E9F9395E2074186E0014ACCD /* Detail */ = {
			isa = PBXGroup;
			children = (
				E9F93958207418190014ACCD /* DetalhesViewController.swift */,
				E9B0D44820750E7700B15756 /* DetalhesPresenter.swift */,
			);
			path = Detail;
			sourceTree = "<group>";
		};
		E9F9395F207418840014ACCD /* Core */ = {
			isa = PBXGroup;
			children = (
				E9EE6F81207198670041E145 /* Info.plist */,
				E9EE6F75207198670041E145 /* AppDelegate.swift */,
				E9EE6F79207198670041E145 /* Main.storyboard */,
				E9EE6F7C207198670041E145 /* Assets.xcassets */,
				E9EE6F7E207198670041E145 /* LaunchScreen.storyboard */,
			);
			path = Core;
			sourceTree = "<group>";
		};
		E9F93960207418A70014ACCD /* Persistance */ = {
			isa = PBXGroup;
			children = (
				E9EE6FA320719EBE0041E145 /* KeychainManager.swift */,
				E9EE6FA72071CB210041E145 /* NetworkManager.swift */,
			);
			path = Persistance;
			sourceTree = "<group>";
		};
		E9F93961207418F60014ACCD /* Helpers */ = {
			isa = PBXGroup;
			children = (
				E9EE6FA9207308550041E145 /* UIViewDesignable.swift */,
				E9EE6FAB20730A190041E145 /* UIButtonDesignable.swift */,
			);
			path = Helpers;
			sourceTree = "<group>";
		};
		E9F93962207419140014ACCD /* Model */ = {
			isa = PBXGroup;
			children = (
				E9EE6FA52071A4F90041E145 /* PasswordItem.swift */,
			);
			path = Model;
			sourceTree = "<group>";
		};
		FFF202E5CF09DFA257114BEF /* Pods */ = {
			isa = PBXGroup;
			children = (
				3B3C6C19F3CC25A991E89C62 /* Pods-PasswordManager.debug.xcconfig */,
				EB53EB27C6ADBEA7A4BFFCE2 /* Pods-PasswordManager.release.xcconfig */,
				687B6DC8612E64ECE6E5B8E6 /* Pods-PasswordManagerTests.debug.xcconfig */,
				E1A60E03E3A72AD37A207644 /* Pods-PasswordManagerTests.release.xcconfig */,
				3EE7BAE3774191BB2989D959 /* Pods-PasswordManagerUITests.debug.xcconfig */,
				177FA319C9E8F05EC7A458B7 /* Pods-PasswordManagerUITests.release.xcconfig */,
			);
			name = Pods;
			sourceTree = "<group>";
		};
/* End PBXGroup section */

/* Begin PBXNativeTarget section */
		E9EE6F71207198670041E145 /* PasswordManager */ = {
			isa = PBXNativeTarget;
			buildConfigurationList = E9EE6F9A207198670041E145 /* Build configuration list for PBXNativeTarget "PasswordManager" */;
			buildPhases = (
				4EED7FA1AF7E53B5EE76626F /* [CP] Check Pods Manifest.lock */,
				E9EE6F6E207198670041E145 /* Sources */,
				E9EE6F6F207198670041E145 /* Frameworks */,
				E9EE6F70207198670041E145 /* Resources */,
				96087B386EC8B84A9B2423F2 /* [CP] Embed Pods Frameworks */,
				A729203C2EB85E6DFD6E74AE /* [CP] Copy Pods Resources */,
			);
			buildRules = (
			);
			dependencies = (
			);
			name = PasswordManager;
			productName = PasswordManager;
			productReference = E9EE6F72207198670041E145 /* PasswordManager.app */;
			productType = "com.apple.product-type.application";
		};
		E9EE6F85207198670041E145 /* PasswordManagerTests */ = {
			isa = PBXNativeTarget;
			buildConfigurationList = E9EE6F9D207198670041E145 /* Build configuration list for PBXNativeTarget "PasswordManagerTests" */;
			buildPhases = (
				05EC1DC5C684F30A0EA0BD93 /* [CP] Check Pods Manifest.lock */,
				E9EE6F82207198670041E145 /* Sources */,
				E9EE6F83207198670041E145 /* Frameworks */,
				E9EE6F84207198670041E145 /* Resources */,
				06536914AFE3EF3930F4A643 /* [CP] Embed Pods Frameworks */,
				7E0226C913250896825D2B63 /* [CP] Copy Pods Resources */,
			);
			buildRules = (
			);
			dependencies = (
				E9EE6F88207198670041E145 /* PBXTargetDependency */,
			);
			name = PasswordManagerTests;
			productName = PasswordManagerTests;
			productReference = E9EE6F86207198670041E145 /* PasswordManagerTests.xctest */;
			productType = "com.apple.product-type.bundle.unit-test";
		};
		E9EE6F90207198670041E145 /* PasswordManagerUITests */ = {
			isa = PBXNativeTarget;
			buildConfigurationList = E9EE6FA0207198670041E145 /* Build configuration list for PBXNativeTarget "PasswordManagerUITests" */;
			buildPhases = (
				274DB7AE3972F8EB4AA6B64C /* [CP] Check Pods Manifest.lock */,
				E9EE6F8D207198670041E145 /* Sources */,
				E9EE6F8E207198670041E145 /* Frameworks */,
				E9EE6F8F207198670041E145 /* Resources */,
				AE865FF052E8F6AB10D6C35A /* [CP] Embed Pods Frameworks */,
				38DC51876C6B251FF0695CD0 /* [CP] Copy Pods Resources */,
			);
			buildRules = (
			);
			dependencies = (
				E9EE6F93207198670041E145 /* PBXTargetDependency */,
			);
			name = PasswordManagerUITests;
			productName = PasswordManagerUITests;
			productReference = E9EE6F91207198670041E145 /* PasswordManagerUITests.xctest */;
			productType = "com.apple.product-type.bundle.ui-testing";
		};
/* End PBXNativeTarget section */

/* Begin PBXProject section */
		E9EE6F6A207198670041E145 /* Project object */ = {
			isa = PBXProject;
			attributes = {
				LastSwiftUpdateCheck = 0920;
				LastUpgradeCheck = 0920;
				ORGANIZATIONNAME = "Italo Henrique Queiroz";
				TargetAttributes = {
					E9EE6F71207198670041E145 = {
						CreatedOnToolsVersion = 9.2;
						ProvisioningStyle = Automatic;
					};
					E9EE6F85207198670041E145 = {
						CreatedOnToolsVersion = 9.2;
						ProvisioningStyle = Automatic;
						TestTargetID = E9EE6F71207198670041E145;
					};
					E9EE6F90207198670041E145 = {
						CreatedOnToolsVersion = 9.2;
						ProvisioningStyle = Automatic;
						TestTargetID = E9EE6F71207198670041E145;
					};
				};
			};
			buildConfigurationList = E9EE6F6D207198670041E145 /* Build configuration list for PBXProject "PasswordManager" */;
			compatibilityVersion = "Xcode 8.0";
			developmentRegion = en;
			hasScannedForEncodings = 0;
			knownRegions = (
				en,
				Base,
			);
			mainGroup = E9EE6F69207198670041E145;
			productRefGroup = E9EE6F73207198670041E145 /* Products */;
			projectDirPath = "";
			projectRoot = "";
			targets = (
				E9EE6F71207198670041E145 /* PasswordManager */,
				E9EE6F85207198670041E145 /* PasswordManagerTests */,
				E9EE6F90207198670041E145 /* PasswordManagerUITests */,
			);
		};
/* End PBXProject section */

/* Begin PBXResourcesBuildPhase section */
		E9EE6F70207198670041E145 /* Resources */ = {
			isa = PBXResourcesBuildPhase;
			buildActionMask = 2147483647;
			files = (
				E9EE6F80207198670041E145 /* LaunchScreen.storyboard in Resources */,
				E9EE6F7D207198670041E145 /* Assets.xcassets in Resources */,
				E9B0D4502075131300B15756 /* PasswordTableViewCell.xib in Resources */,
				E9198A3620731AE900278D5B /* IQKeyboardManager.bundle in Resources */,
				E9EE6F7B207198670041E145 /* Main.storyboard in Resources */,
				E9198A4A2073A36800278D5B /* AlertViewController.xib in Resources */,
			);
			runOnlyForDeploymentPostprocessing = 0;
		};
		E9EE6F84207198670041E145 /* Resources */ = {
			isa = PBXResourcesBuildPhase;
			buildActionMask = 2147483647;
			files = (
			);
			runOnlyForDeploymentPostprocessing = 0;
		};
		E9EE6F8F207198670041E145 /* Resources */ = {
			isa = PBXResourcesBuildPhase;
			buildActionMask = 2147483647;
			files = (
			);
			runOnlyForDeploymentPostprocessing = 0;
		};
/* End PBXResourcesBuildPhase section */

/* Begin PBXShellScriptBuildPhase section */
		05EC1DC5C684F30A0EA0BD93 /* [CP] Check Pods Manifest.lock */ = {
			isa = PBXShellScriptBuildPhase;
			buildActionMask = 2147483647;
			files = (
			);
			inputPaths = (
				"${PODS_PODFILE_DIR_PATH}/Podfile.lock",
				"${PODS_ROOT}/Manifest.lock",
			);
			name = "[CP] Check Pods Manifest.lock";
			outputPaths = (
				"$(DERIVED_FILE_DIR)/Pods-PasswordManagerTests-checkManifestLockResult.txt",
			);
			runOnlyForDeploymentPostprocessing = 0;
			shellPath = /bin/sh;
			shellScript = "diff \"${PODS_PODFILE_DIR_PATH}/Podfile.lock\" \"${PODS_ROOT}/Manifest.lock\" > /dev/null\nif [ $? != 0 ] ; then\n    # print error to STDERR\n    echo \"error: The sandbox is not in sync with the Podfile.lock. Run 'pod install' or update your CocoaPods installation.\" >&2\n    exit 1\nfi\n# This output is used by Xcode 'outputs' to avoid re-running this script phase.\necho \"SUCCESS\" > \"${SCRIPT_OUTPUT_FILE_0}\"\n";
			showEnvVarsInLog = 0;
		};
		06536914AFE3EF3930F4A643 /* [CP] Embed Pods Frameworks */ = {
			isa = PBXShellScriptBuildPhase;
			buildActionMask = 2147483647;
			files = (
			);
			inputPaths = (
			);
			name = "[CP] Embed Pods Frameworks";
			outputPaths = (
			);
			runOnlyForDeploymentPostprocessing = 0;
			shellPath = /bin/sh;
			shellScript = "\"${SRCROOT}/Pods/Target Support Files/Pods-PasswordManagerTests/Pods-PasswordManagerTests-frameworks.sh\"\n";
			showEnvVarsInLog = 0;
		};
		274DB7AE3972F8EB4AA6B64C /* [CP] Check Pods Manifest.lock */ = {
			isa = PBXShellScriptBuildPhase;
			buildActionMask = 2147483647;
			files = (
			);
			inputPaths = (
				"${PODS_PODFILE_DIR_PATH}/Podfile.lock",
				"${PODS_ROOT}/Manifest.lock",
			);
			name = "[CP] Check Pods Manifest.lock";
			outputPaths = (
				"$(DERIVED_FILE_DIR)/Pods-PasswordManagerUITests-checkManifestLockResult.txt",
			);
			runOnlyForDeploymentPostprocessing = 0;
			shellPath = /bin/sh;
			shellScript = "diff \"${PODS_PODFILE_DIR_PATH}/Podfile.lock\" \"${PODS_ROOT}/Manifest.lock\" > /dev/null\nif [ $? != 0 ] ; then\n    # print error to STDERR\n    echo \"error: The sandbox is not in sync with the Podfile.lock. Run 'pod install' or update your CocoaPods installation.\" >&2\n    exit 1\nfi\n# This output is used by Xcode 'outputs' to avoid re-running this script phase.\necho \"SUCCESS\" > \"${SCRIPT_OUTPUT_FILE_0}\"\n";
			showEnvVarsInLog = 0;
		};
		38DC51876C6B251FF0695CD0 /* [CP] Copy Pods Resources */ = {
			isa = PBXShellScriptBuildPhase;
			buildActionMask = 2147483647;
			files = (
			);
			inputPaths = (
			);
			name = "[CP] Copy Pods Resources";
			outputPaths = (
			);
			runOnlyForDeploymentPostprocessing = 0;
			shellPath = /bin/sh;
			shellScript = "\"${SRCROOT}/Pods/Target Support Files/Pods-PasswordManagerUITests/Pods-PasswordManagerUITests-resources.sh\"\n";
			showEnvVarsInLog = 0;
		};
		4EED7FA1AF7E53B5EE76626F /* [CP] Check Pods Manifest.lock */ = {
			isa = PBXShellScriptBuildPhase;
			buildActionMask = 2147483647;
			files = (
			);
			inputPaths = (
				"${PODS_PODFILE_DIR_PATH}/Podfile.lock",
				"${PODS_ROOT}/Manifest.lock",
			);
			name = "[CP] Check Pods Manifest.lock";
			outputPaths = (
				"$(DERIVED_FILE_DIR)/Pods-PasswordManager-checkManifestLockResult.txt",
			);
			runOnlyForDeploymentPostprocessing = 0;
			shellPath = /bin/sh;
			shellScript = "diff \"${PODS_PODFILE_DIR_PATH}/Podfile.lock\" \"${PODS_ROOT}/Manifest.lock\" > /dev/null\nif [ $? != 0 ] ; then\n    # print error to STDERR\n    echo \"error: The sandbox is not in sync with the Podfile.lock. Run 'pod install' or update your CocoaPods installation.\" >&2\n    exit 1\nfi\n# This output is used by Xcode 'outputs' to avoid re-running this script phase.\necho \"SUCCESS\" > \"${SCRIPT_OUTPUT_FILE_0}\"\n";
			showEnvVarsInLog = 0;
		};
		7E0226C913250896825D2B63 /* [CP] Copy Pods Resources */ = {
			isa = PBXShellScriptBuildPhase;
			buildActionMask = 2147483647;
			files = (
			);
			inputPaths = (
			);
			name = "[CP] Copy Pods Resources";
			outputPaths = (
			);
			runOnlyForDeploymentPostprocessing = 0;
			shellPath = /bin/sh;
			shellScript = "\"${SRCROOT}/Pods/Target Support Files/Pods-PasswordManagerTests/Pods-PasswordManagerTests-resources.sh\"\n";
			showEnvVarsInLog = 0;
		};
		96087B386EC8B84A9B2423F2 /* [CP] Embed Pods Frameworks */ = {
			isa = PBXShellScriptBuildPhase;
			buildActionMask = 2147483647;
			files = (
			);
			inputPaths = (
				"${SRCROOT}/Pods/Target Support Files/Pods-PasswordManager/Pods-PasswordManager-frameworks.sh",
				"${BUILT_PRODUCTS_DIR}/SwiftKeychainWrapper/SwiftKeychainWrapper.framework",
			);
			name = "[CP] Embed Pods Frameworks";
			outputPaths = (
				"${TARGET_BUILD_DIR}/${FRAMEWORKS_FOLDER_PATH}/SwiftKeychainWrapper.framework",
			);
			runOnlyForDeploymentPostprocessing = 0;
			shellPath = /bin/sh;
			shellScript = "\"${SRCROOT}/Pods/Target Support Files/Pods-PasswordManager/Pods-PasswordManager-frameworks.sh\"\n";
			showEnvVarsInLog = 0;
		};
		A729203C2EB85E6DFD6E74AE /* [CP] Copy Pods Resources */ = {
			isa = PBXShellScriptBuildPhase;
			buildActionMask = 2147483647;
			files = (
			);
			inputPaths = (
			);
			name = "[CP] Copy Pods Resources";
			outputPaths = (
			);
			runOnlyForDeploymentPostprocessing = 0;
			shellPath = /bin/sh;
			shellScript = "\"${SRCROOT}/Pods/Target Support Files/Pods-PasswordManager/Pods-PasswordManager-resources.sh\"\n";
			showEnvVarsInLog = 0;
		};
		AE865FF052E8F6AB10D6C35A /* [CP] Embed Pods Frameworks */ = {
			isa = PBXShellScriptBuildPhase;
			buildActionMask = 2147483647;
			files = (
			);
			inputPaths = (
			);
			name = "[CP] Embed Pods Frameworks";
			outputPaths = (
			);
			runOnlyForDeploymentPostprocessing = 0;
			shellPath = /bin/sh;
			shellScript = "\"${SRCROOT}/Pods/Target Support Files/Pods-PasswordManagerUITests/Pods-PasswordManagerUITests-frameworks.sh\"\n";
			showEnvVarsInLog = 0;
		};
/* End PBXShellScriptBuildPhase section */

/* Begin PBXSourcesBuildPhase section */
		E9EE6F6E207198670041E145 /* Sources */ = {
			isa = PBXSourcesBuildPhase;
			buildActionMask = 2147483647;
			files = (
				E9B0D4522075142D00B15756 /* PasswordCellPresenter.swift in Sources */,
				E9F93959207418190014ACCD /* DetalhesViewController.swift in Sources */,
				E9198A3D20731AE900278D5B /* IQUIView+Hierarchy.swift in Sources */,
				E9EE6F78207198670041E145 /* AuthenticationViewController.swift in Sources */,
				E9198A3E20731AE900278D5B /* IQNSArray+Sort.swift in Sources */,
				E9198A3420731AE900278D5B /* IQKeyboardManagerConstantsInternal.swift in Sources */,
				E9198A3B20731AE900278D5B /* IQUIViewController+Additions.swift in Sources */,
				E9EE6FA420719EBE0041E145 /* KeychainManager.swift in Sources */,
				E9198A3920731AE900278D5B /* IQUIWindow+Hierarchy.swift in Sources */,
				E9198A3C20731AE900278D5B /* IQUITextFieldView+Additions.swift in Sources */,
				E9198A4020731D3B00278D5B /* AuthenticationPresenter.swift in Sources */,
				E9198A3120731AE900278D5B /* IQBarButtonItem.swift in Sources */,
				E9198A492073A36800278D5B /* AlertViewController.swift in Sources */,
				E9B0D44F2075131300B15756 /* PasswordTableViewCell.swift in Sources */,
				E9EE6FAC20730A190041E145 /* UIButtonDesignable.swift in Sources */,
				E9B0D4462074F7AB00B15756 /* PasswordsPresenter.swift in Sources */,
				E9B0D44920750E7700B15756 /* DetalhesPresenter.swift in Sources */,
				E9EE6FAA207308550041E145 /* UIViewDesignable.swift in Sources */,
				E9198A3320731AE900278D5B /* IQUIView+IQKeyboardToolbar.swift in Sources */,
				E9EE6FA82071CB210041E145 /* NetworkManager.swift in Sources */,
				E9198A2F20731AE900278D5B /* IQPreviousNextView.swift in Sources */,
				E9198A2E20731AE900278D5B /* IQTextView.swift in Sources */,
				E9F93957207418070014ACCD /* NewPasswordViewController.swift in Sources */,
				E9F939552074111A0014ACCD /* PasswordsViewController.swift in Sources */,
				E9198A3720731AE900278D5B /* IQKeyboardReturnKeyHandler.swift in Sources */,
				E9198A3820731AE900278D5B /* IQKeyboardManager.swift in Sources */,
				E9EE6F76207198670041E145 /* AppDelegate.swift in Sources */,
				E9EE6FA62071A4F90041E145 /* PasswordItem.swift in Sources */,
				E9198A3020731AE900278D5B /* IQTitleBarButtonItem.swift in Sources */,
				E9198A3A20731AE900278D5B /* IQUIScrollView+Additions.swift in Sources */,
				E9B0D44B20750EA200B15756 /* NewPasswordPresenter.swift in Sources */,
				E9198A3520731AE900278D5B /* IQKeyboardManagerConstants.swift in Sources */,
				E9198A3220731AE900278D5B /* IQToolbar.swift in Sources */,
			);
			runOnlyForDeploymentPostprocessing = 0;
		};
		E9EE6F82207198670041E145 /* Sources */ = {
			isa = PBXSourcesBuildPhase;
			buildActionMask = 2147483647;
			files = (
				E9EE6F8B207198670041E145 /* PasswordManagerTests.swift in Sources */,
			);
			runOnlyForDeploymentPostprocessing = 0;
		};
		E9EE6F8D207198670041E145 /* Sources */ = {
			isa = PBXSourcesBuildPhase;
			buildActionMask = 2147483647;
			files = (
				E9EE6F96207198670041E145 /* PasswordManagerUITests.swift in Sources */,
			);
			runOnlyForDeploymentPostprocessing = 0;
		};
/* End PBXSourcesBuildPhase section */

/* Begin PBXTargetDependency section */
		E9EE6F88207198670041E145 /* PBXTargetDependency */ = {
			isa = PBXTargetDependency;
			target = E9EE6F71207198670041E145 /* PasswordManager */;
			targetProxy = E9EE6F87207198670041E145 /* PBXContainerItemProxy */;
		};
		E9EE6F93207198670041E145 /* PBXTargetDependency */ = {
			isa = PBXTargetDependency;
			target = E9EE6F71207198670041E145 /* PasswordManager */;
			targetProxy = E9EE6F92207198670041E145 /* PBXContainerItemProxy */;
		};
/* End PBXTargetDependency section */

/* Begin PBXVariantGroup section */
		E9EE6F79207198670041E145 /* Main.storyboard */ = {
			isa = PBXVariantGroup;
			children = (
				E9EE6F7A207198670041E145 /* Base */,
			);
			name = Main.storyboard;
			sourceTree = "<group>";
		};
		E9EE6F7E207198670041E145 /* LaunchScreen.storyboard */ = {
			isa = PBXVariantGroup;
			children = (
				E9EE6F7F207198670041E145 /* Base */,
			);
			name = LaunchScreen.storyboard;
			sourceTree = "<group>";
		};
/* End PBXVariantGroup section */

/* Begin XCBuildConfiguration section */
		E9EE6F98207198670041E145 /* Debug */ = {
			isa = XCBuildConfiguration;
			buildSettings = {
				ALWAYS_SEARCH_USER_PATHS = NO;
				CLANG_ANALYZER_NONNULL = YES;
				CLANG_ANALYZER_NUMBER_OBJECT_CONVERSION = YES_AGGRESSIVE;
				CLANG_CXX_LANGUAGE_STANDARD = "gnu++14";
				CLANG_CXX_LIBRARY = "libc++";
				CLANG_ENABLE_MODULES = YES;
				CLANG_ENABLE_OBJC_ARC = YES;
				CLANG_WARN_BLOCK_CAPTURE_AUTORELEASING = YES;
				CLANG_WARN_BOOL_CONVERSION = YES;
				CLANG_WARN_COMMA = YES;
				CLANG_WARN_CONSTANT_CONVERSION = YES;
				CLANG_WARN_DIRECT_OBJC_ISA_USAGE = YES_ERROR;
				CLANG_WARN_DOCUMENTATION_COMMENTS = YES;
				CLANG_WARN_EMPTY_BODY = YES;
				CLANG_WARN_ENUM_CONVERSION = YES;
				CLANG_WARN_INFINITE_RECURSION = YES;
				CLANG_WARN_INT_CONVERSION = YES;
				CLANG_WARN_NON_LITERAL_NULL_CONVERSION = YES;
				CLANG_WARN_OBJC_LITERAL_CONVERSION = YES;
				CLANG_WARN_OBJC_ROOT_CLASS = YES_ERROR;
				CLANG_WARN_RANGE_LOOP_ANALYSIS = YES;
				CLANG_WARN_STRICT_PROTOTYPES = YES;
				CLANG_WARN_SUSPICIOUS_MOVE = YES;
				CLANG_WARN_UNGUARDED_AVAILABILITY = YES_AGGRESSIVE;
				CLANG_WARN_UNREACHABLE_CODE = YES;
				CLANG_WARN__DUPLICATE_METHOD_MATCH = YES;
				CODE_SIGN_IDENTITY = "iPhone Developer";
				COPY_PHASE_STRIP = NO;
				DEBUG_INFORMATION_FORMAT = dwarf;
				ENABLE_STRICT_OBJC_MSGSEND = YES;
				ENABLE_TESTABILITY = YES;
				GCC_C_LANGUAGE_STANDARD = gnu11;
				GCC_DYNAMIC_NO_PIC = NO;
				GCC_NO_COMMON_BLOCKS = YES;
				GCC_OPTIMIZATION_LEVEL = 0;
				GCC_PREPROCESSOR_DEFINITIONS = (
					"DEBUG=1",
					"$(inherited)",
				);
				GCC_WARN_64_TO_32_BIT_CONVERSION = YES;
				GCC_WARN_ABOUT_RETURN_TYPE = YES_ERROR;
				GCC_WARN_UNDECLARED_SELECTOR = YES;
				GCC_WARN_UNINITIALIZED_AUTOS = YES_AGGRESSIVE;
				GCC_WARN_UNUSED_FUNCTION = YES;
				GCC_WARN_UNUSED_VARIABLE = YES;
				IPHONEOS_DEPLOYMENT_TARGET = 11.2;
				MTL_ENABLE_DEBUG_INFO = YES;
				ONLY_ACTIVE_ARCH = YES;
				SDKROOT = iphoneos;
				SWIFT_ACTIVE_COMPILATION_CONDITIONS = DEBUG;
				SWIFT_OPTIMIZATION_LEVEL = "-Onone";
			};
			name = Debug;
		};
		E9EE6F99207198670041E145 /* Release */ = {
			isa = XCBuildConfiguration;
			buildSettings = {
				ALWAYS_SEARCH_USER_PATHS = NO;
				CLANG_ANALYZER_NONNULL = YES;
				CLANG_ANALYZER_NUMBER_OBJECT_CONVERSION = YES_AGGRESSIVE;
				CLANG_CXX_LANGUAGE_STANDARD = "gnu++14";
				CLANG_CXX_LIBRARY = "libc++";
				CLANG_ENABLE_MODULES = YES;
				CLANG_ENABLE_OBJC_ARC = YES;
				CLANG_WARN_BLOCK_CAPTURE_AUTORELEASING = YES;
				CLANG_WARN_BOOL_CONVERSION = YES;
				CLANG_WARN_COMMA = YES;
				CLANG_WARN_CONSTANT_CONVERSION = YES;
				CLANG_WARN_DIRECT_OBJC_ISA_USAGE = YES_ERROR;
				CLANG_WARN_DOCUMENTATION_COMMENTS = YES;
				CLANG_WARN_EMPTY_BODY = YES;
				CLANG_WARN_ENUM_CONVERSION = YES;
				CLANG_WARN_INFINITE_RECURSION = YES;
				CLANG_WARN_INT_CONVERSION = YES;
				CLANG_WARN_NON_LITERAL_NULL_CONVERSION = YES;
				CLANG_WARN_OBJC_LITERAL_CONVERSION = YES;
				CLANG_WARN_OBJC_ROOT_CLASS = YES_ERROR;
				CLANG_WARN_RANGE_LOOP_ANALYSIS = YES;
				CLANG_WARN_STRICT_PROTOTYPES = YES;
				CLANG_WARN_SUSPICIOUS_MOVE = YES;
				CLANG_WARN_UNGUARDED_AVAILABILITY = YES_AGGRESSIVE;
				CLANG_WARN_UNREACHABLE_CODE = YES;
				CLANG_WARN__DUPLICATE_METHOD_MATCH = YES;
				CODE_SIGN_IDENTITY = "iPhone Developer";
				COPY_PHASE_STRIP = NO;
				DEBUG_INFORMATION_FORMAT = "dwarf-with-dsym";
				ENABLE_NS_ASSERTIONS = NO;
				ENABLE_STRICT_OBJC_MSGSEND = YES;
				GCC_C_LANGUAGE_STANDARD = gnu11;
				GCC_NO_COMMON_BLOCKS = YES;
				GCC_WARN_64_TO_32_BIT_CONVERSION = YES;
				GCC_WARN_ABOUT_RETURN_TYPE = YES_ERROR;
				GCC_WARN_UNDECLARED_SELECTOR = YES;
				GCC_WARN_UNINITIALIZED_AUTOS = YES_AGGRESSIVE;
				GCC_WARN_UNUSED_FUNCTION = YES;
				GCC_WARN_UNUSED_VARIABLE = YES;
				IPHONEOS_DEPLOYMENT_TARGET = 11.2;
				MTL_ENABLE_DEBUG_INFO = NO;
				SDKROOT = iphoneos;
				SWIFT_OPTIMIZATION_LEVEL = "-Owholemodule";
				VALIDATE_PRODUCT = YES;
			};
			name = Release;
		};
		E9EE6F9B207198670041E145 /* Debug */ = {
			isa = XCBuildConfiguration;
			baseConfigurationReference = 3B3C6C19F3CC25A991E89C62 /* Pods-PasswordManager.debug.xcconfig */;
			buildSettings = {
				ASSETCATALOG_COMPILER_APPICON_NAME = AppIcon;
				CODE_SIGN_STYLE = Automatic;
				DEVELOPMENT_TEAM = 68E47ZJWVK;
				INFOPLIST_FILE = PasswordManager/Core/Info.plist;
				LD_RUNPATH_SEARCH_PATHS = "$(inherited) @executable_path/Frameworks";
				PRODUCT_BUNDLE_IDENTIFIER = br.com.italohqueiroz.PasswordManager;
				PRODUCT_NAME = "$(TARGET_NAME)";
				SWIFT_VERSION = 4.0;
				TARGETED_DEVICE_FAMILY = "1,2";
			};
			name = Debug;
		};
		E9EE6F9C207198670041E145 /* Release */ = {
			isa = XCBuildConfiguration;
			baseConfigurationReference = EB53EB27C6ADBEA7A4BFFCE2 /* Pods-PasswordManager.release.xcconfig */;
			buildSettings = {
				ASSETCATALOG_COMPILER_APPICON_NAME = AppIcon;
				CODE_SIGN_STYLE = Automatic;
				DEVELOPMENT_TEAM = 68E47ZJWVK;
				INFOPLIST_FILE = PasswordManager/Core/Info.plist;
				LD_RUNPATH_SEARCH_PATHS = "$(inherited) @executable_path/Frameworks";
				PRODUCT_BUNDLE_IDENTIFIER = br.com.italohqueiroz.PasswordManager;
				PRODUCT_NAME = "$(TARGET_NAME)";
				SWIFT_VERSION = 4.0;
				TARGETED_DEVICE_FAMILY = "1,2";
			};
			name = Release;
		};
		E9EE6F9E207198670041E145 /* Debug */ = {
			isa = XCBuildConfiguration;
			baseConfigurationReference = 687B6DC8612E64ECE6E5B8E6 /* Pods-PasswordManagerTests.debug.xcconfig */;
			buildSettings = {
				ALWAYS_EMBED_SWIFT_STANDARD_LIBRARIES = YES;
				BUNDLE_LOADER = "$(TEST_HOST)";
				CODE_SIGN_STYLE = Automatic;
				DEVELOPMENT_TEAM = 68E47ZJWVK;
				INFOPLIST_FILE = PasswordManagerTests/Info.plist;
				LD_RUNPATH_SEARCH_PATHS = "$(inherited) @executable_path/Frameworks @loader_path/Frameworks";
				PRODUCT_BUNDLE_IDENTIFIER = br.com.italohqueiroz.PasswordManagerTests;
				PRODUCT_NAME = "$(TARGET_NAME)";
				SWIFT_VERSION = 4.0;
				TARGETED_DEVICE_FAMILY = "1,2";
				TEST_HOST = "$(BUILT_PRODUCTS_DIR)/PasswordManager.app/PasswordManager";
			};
			name = Debug;
		};
		E9EE6F9F207198670041E145 /* Release */ = {
			isa = XCBuildConfiguration;
			baseConfigurationReference = E1A60E03E3A72AD37A207644 /* Pods-PasswordManagerTests.release.xcconfig */;
			buildSettings = {
				ALWAYS_EMBED_SWIFT_STANDARD_LIBRARIES = YES;
				BUNDLE_LOADER = "$(TEST_HOST)";
				CODE_SIGN_STYLE = Automatic;
				DEVELOPMENT_TEAM = 68E47ZJWVK;
				INFOPLIST_FILE = PasswordManagerTests/Info.plist;
				LD_RUNPATH_SEARCH_PATHS = "$(inherited) @executable_path/Frameworks @loader_path/Frameworks";
				PRODUCT_BUNDLE_IDENTIFIER = br.com.italohqueiroz.PasswordManagerTests;
				PRODUCT_NAME = "$(TARGET_NAME)";
				SWIFT_VERSION = 4.0;
				TARGETED_DEVICE_FAMILY = "1,2";
				TEST_HOST = "$(BUILT_PRODUCTS_DIR)/PasswordManager.app/PasswordManager";
			};
			name = Release;
		};
		E9EE6FA1207198670041E145 /* Debug */ = {
			isa = XCBuildConfiguration;
			baseConfigurationReference = 3EE7BAE3774191BB2989D959 /* Pods-PasswordManagerUITests.debug.xcconfig */;
			buildSettings = {
				ALWAYS_EMBED_SWIFT_STANDARD_LIBRARIES = YES;
				CODE_SIGN_STYLE = Automatic;
				DEVELOPMENT_TEAM = 68E47ZJWVK;
				INFOPLIST_FILE = PasswordManagerUITests/Info.plist;
				LD_RUNPATH_SEARCH_PATHS = "$(inherited) @executable_path/Frameworks @loader_path/Frameworks";
				PRODUCT_BUNDLE_IDENTIFIER = br.com.italohqueiroz.PasswordManagerUITests;
				PRODUCT_NAME = "$(TARGET_NAME)";
				SWIFT_VERSION = 4.0;
				TARGETED_DEVICE_FAMILY = "1,2";
				TEST_TARGET_NAME = PasswordManager;
			};
			name = Debug;
		};
		E9EE6FA2207198670041E145 /* Release */ = {
			isa = XCBuildConfiguration;
			baseConfigurationReference = 177FA319C9E8F05EC7A458B7 /* Pods-PasswordManagerUITests.release.xcconfig */;
			buildSettings = {
				ALWAYS_EMBED_SWIFT_STANDARD_LIBRARIES = YES;
				CODE_SIGN_STYLE = Automatic;
				DEVELOPMENT_TEAM = 68E47ZJWVK;
				INFOPLIST_FILE = PasswordManagerUITests/Info.plist;
				LD_RUNPATH_SEARCH_PATHS = "$(inherited) @executable_path/Frameworks @loader_path/Frameworks";
				PRODUCT_BUNDLE_IDENTIFIER = br.com.italohqueiroz.PasswordManagerUITests;
				PRODUCT_NAME = "$(TARGET_NAME)";
				SWIFT_VERSION = 4.0;
				TARGETED_DEVICE_FAMILY = "1,2";
				TEST_TARGET_NAME = PasswordManager;
			};
			name = Release;
		};
/* End XCBuildConfiguration section */

/* Begin XCConfigurationList section */
		E9EE6F6D207198670041E145 /* Build configuration list for PBXProject "PasswordManager" */ = {
			isa = XCConfigurationList;
			buildConfigurations = (
				E9EE6F98207198670041E145 /* Debug */,
				E9EE6F99207198670041E145 /* Release */,
			);
			defaultConfigurationIsVisible = 0;
			defaultConfigurationName = Release;
		};
		E9EE6F9A207198670041E145 /* Build configuration list for PBXNativeTarget "PasswordManager" */ = {
			isa = XCConfigurationList;
			buildConfigurations = (
				E9EE6F9B207198670041E145 /* Debug */,
				E9EE6F9C207198670041E145 /* Release */,
			);
			defaultConfigurationIsVisible = 0;
			defaultConfigurationName = Release;
		};
		E9EE6F9D207198670041E145 /* Build configuration list for PBXNativeTarget "PasswordManagerTests" */ = {
			isa = XCConfigurationList;
			buildConfigurations = (
				E9EE6F9E207198670041E145 /* Debug */,
				E9EE6F9F207198670041E145 /* Release */,
			);
			defaultConfigurationIsVisible = 0;
			defaultConfigurationName = Release;
		};
		E9EE6FA0207198670041E145 /* Build configuration list for PBXNativeTarget "PasswordManagerUITests" */ = {
			isa = XCConfigurationList;
			buildConfigurations = (
				E9EE6FA1207198670041E145 /* Debug */,
				E9EE6FA2207198670041E145 /* Release */,
			);
			defaultConfigurationIsVisible = 0;
			defaultConfigurationName = Release;
		};
/* End XCConfigurationList section */
	};
	rootObject = E9EE6F6A207198670041E145 /* Project object */;
}
