// !$*UTF8*$!
{
	archiveVersion = 1;
	classes = {
	};
	objectVersion = 48;
	objects = {

/* Begin PBXBuildFile section */
		6BD183251D1B542916FE0443 /* Pods_PasswordManager.framework in Frameworks */ = {isa = PBXBuildFile; fileRef = 572D940B6CCD7C7CDC00599C /* Pods_PasswordManager.framework */; };
		90FC11A204BBE2193B63AD58 /* Pods_PasswordManagerUITests.framework in Frameworks */ = {isa = PBXBuildFile; fileRef = 6F0C55315BA605111AC59AE2 /* Pods_PasswordManagerUITests.framework */; };
		E4F99667EEA4F70E9793DAC1 /* Pods_PasswordManagerTests.framework in Frameworks */ = {isa = PBXBuildFile; fileRef = DBF99D7F0A04E60ADD7A06E7 /* Pods_PasswordManagerTests.framework */; };
		E9EE6F76207198670041E145 /* AppDelegate.swift in Sources */ = {isa = PBXBuildFile; fileRef = E9EE6F75207198670041E145 /* AppDelegate.swift */; };
		E9EE6F78207198670041E145 /* ViewController.swift in Sources */ = {isa = PBXBuildFile; fileRef = E9EE6F77207198670041E145 /* ViewController.swift */; };
		E9EE6F7B207198670041E145 /* Main.storyboard in Resources */ = {isa = PBXBuildFile; fileRef = E9EE6F79207198670041E145 /* Main.storyboard */; };
		E9EE6F7D207198670041E145 /* Assets.xcassets in Resources */ = {isa = PBXBuildFile; fileRef = E9EE6F7C207198670041E145 /* Assets.xcassets */; };
		E9EE6F80207198670041E145 /* LaunchScreen.storyboard in Resources */ = {isa = PBXBuildFile; fileRef = E9EE6F7E207198670041E145 /* LaunchScreen.storyboard */; };
		E9EE6F8B207198670041E145 /* PasswordManagerTests.swift in Sources */ = {isa = PBXBuildFile; fileRef = E9EE6F8A207198670041E145 /* PasswordManagerTests.swift */; };
		E9EE6F96207198670041E145 /* PasswordManagerUITests.swift in Sources */ = {isa = PBXBuildFile; fileRef = E9EE6F95207198670041E145 /* PasswordManagerUITests.swift */; };
/* End PBXBuildFile section */

/* Begin PBXContainerItemProxy section */
		E9EE6F87207198670041E145 /* PBXContainerItemProxy */ = {
			isa = PBXContainerItemProxy;
			containerPortal = E9EE6F6A207198670041E145 /* Project object */;
			proxyType = 1;
			remoteGlobalIDString = E9EE6F71207198670041E145;
			remoteInfo = PasswordManager;
		};
		E9EE6F92207198670041E145 /* PBXContainerItemProxy */ = {
			isa = PBXContainerItemProxy;
			containerPortal = E9EE6F6A207198670041E145 /* Project object */;
			proxyType = 1;
			remoteGlobalIDString = E9EE6F71207198670041E145;
			remoteInfo = PasswordManager;
		};
/* End PBXContainerItemProxy section */

/* Begin PBXFileReference section */
		177FA319C9E8F05EC7A458B7 /* Pods-PasswordManagerUITests.release.xcconfig */ = {isa = PBXFileReference; includeInIndex = 1; lastKnownFileType = text.xcconfig; name = "Pods-PasswordManagerUITests.release.xcconfig"; path = "Pods/Target Support Files/Pods-PasswordManagerUITests/Pods-PasswordManagerUITests.release.xcconfig"; sourceTree = "<group>"; };
		3B3C6C19F3CC25A991E89C62 /* Pods-PasswordManager.debug.xcconfig */ = {isa = PBXFileReference; includeInIndex = 1; lastKnownFileType = text.xcconfig; name = "Pods-PasswordManager.debug.xcconfig"; path = "Pods/Target Support Files/Pods-PasswordManager/Pods-PasswordManager.debug.xcconfig"; sourceTree = "<group>"; };
		3EE7BAE3774191BB2989D959 /* Pods-PasswordManagerUITests.debug.xcconfig */ = {isa = PBXFileReference; includeInIndex = 1; lastKnownFileType = text.xcconfig; name = "Pods-PasswordManagerUITests.debug.xcconfig"; path = "Pods/Target Support Files/Pods-PasswordManagerUITests/Pods-PasswordManagerUITests.debug.xcconfig"; sourceTree = "<group>"; };
		572D940B6CCD7C7CDC00599C /* Pods_PasswordManager.framework */ = {isa = PBXFileReference; explicitFileType = wrapper.framework; includeInIndex = 0; path = Pods_PasswordManager.framework; sourceTree = BUILT_PRODUCTS_DIR; };
		687B6DC8612E64ECE6E5B8E6 /* Pods-PasswordManagerTests.debug.xcconfig */ = {isa = PBXFileReference; includeInIndex = 1; lastKnownFileType = text.xcconfig; name = "Pods-PasswordManagerTests.debug.xcconfig"; path = "Pods/Target Support Files/Pods-PasswordManagerTests/Pods-PasswordManagerTests.debug.xcconfig"; sourceTree = "<group>"; };
		6F0C55315BA605111AC59AE2 /* Pods_PasswordManagerUITests.framework */ = {isa = PBXFileReference; explicitFileType = wrapper.framework; includeInIndex = 0; path = Pods_PasswordManagerUITests.framework; sourceTree = BUILT_PRODUCTS_DIR; };
		DBF99D7F0A04E60ADD7A06E7 /* Pods_PasswordManagerTests.framework */ = {isa = PBXFileReference; explicitFileType = wrapper.framework; includeInIndex = 0; path = Pods_PasswordManagerTests.framework; sourceTree = BUILT_PRODUCTS_DIR; };
		E1A60E03E3A72AD37A207644 /* Pods-PasswordManagerTests.release.xcconfig */ = {isa = PBXFileReference; includeInIndex = 1; lastKnownFileType = text.xcconfig; name = "Pods-PasswordManagerTests.release.xcconfig"; path = "Pods/Target Support Files/Pods-PasswordManagerTests/Pods-PasswordManagerTests.release.xcconfig"; sourceTree = "<group>"; };
		E9EE6F72207198670041E145 /* PasswordManager.app */ = {isa = PBXFileReference; explicitFileType = wrapper.application; includeInIndex = 0; path = PasswordManager.app; sourceTree = BUILT_PRODUCTS_DIR; };
		E9EE6F75207198670041E145 /* AppDelegate.swift */ = {isa = PBXFileReference; lastKnownFileType = sourcecode.swift; path = AppDelegate.swift; sourceTree = "<group>"; };
		E9EE6F77207198670041E145 /* ViewController.swift */ = {isa = PBXFileReference; lastKnownFileType = sourcecode.swift; path = ViewController.swift; sourceTree = "<group>"; };
		E9EE6F7A207198670041E145 /* Base */ = {isa = PBXFileReference; lastKnownFileType = file.storyboard; name = Base; path = Base.lproj/Main.storyboard; sourceTree = "<group>"; };
		E9EE6F7C207198670041E145 /* Assets.xcassets */ = {isa = PBXFileReference; lastKnownFileType = folder.assetcatalog; path = Assets.xcassets; sourceTree = "<group>"; };
		E9EE6F7F207198670041E145 /* Base */ = {isa = PBXFileReference; lastKnownFileType = file.storyboard; name = Base; path = Base.lproj/LaunchScreen.storyboard; sourceTree = "<group>"; };
		E9EE6F81207198670041E145 /* Info.plist */ = {isa = PBXFileReference; lastKnownFileType = text.plist.xml; path = Info.plist; sourceTree = "<group>"; };
		E9EE6F86207198670041E145 /* PasswordManagerTests.xctest */ = {isa = PBXFileReference; explicitFileType = wrapper.cfbundle; includeInIndex = 0; path = PasswordManagerTests.xctest; sourceTree = BUILT_PRODUCTS_DIR; };
		E9EE6F8A207198670041E145 /* PasswordManagerTests.swift */ = {isa = PBXFileReference; lastKnownFileType = sourcecode.swift; path = PasswordManagerTests.swift; sourceTree = "<group>"; };
		E9EE6F8C207198670041E145 /* Info.plist */ = {isa = PBXFileReference; lastKnownFileType = text.plist.xml; path = Info.plist; sourceTree = "<group>"; };
		E9EE6F91207198670041E145 /* PasswordManagerUITests.xctest */ = {isa = PBXFileReference; explicitFileType = wrapper.cfbundle; includeInIndex = 0; path = PasswordManagerUITests.xctest; sourceTree = BUILT_PRODUCTS_DIR; };
		E9EE6F95207198670041E145 /* PasswordManagerUITests.swift */ = {isa = PBXFileReference; lastKnownFileType = sourcecode.swift; path = PasswordManagerUITests.swift; sourceTree = "<group>"; };
		E9EE6F97207198670041E145 /* Info.plist */ = {isa = PBXFileReference; lastKnownFileType = text.plist.xml; path = Info.plist; sourceTree = "<group>"; };
		EB53EB27C6ADBEA7A4BFFCE2 /* Pods-PasswordManager.release.xcconfig */ = {isa = PBXFileReference; includeInIndex = 1; lastKnownFileType = text.xcconfig; name = "Pods-PasswordManager.release.xcconfig"; path = "Pods/Target Support Files/Pods-PasswordManager/Pods-PasswordManager.release.xcconfig"; sourceTree = "<group>"; };
/* End PBXFileReference section */

/* Begin PBXFrameworksBuildPhase section */
		E9EE6F6F207198670041E145 /* Frameworks */ = {
			isa = PBXFrameworksBuildPhase;
			buildActionMask = 2147483647;
			files = (
				6BD183251D1B542916FE0443 /* Pods_PasswordManager.framework in Frameworks */,
			);
			runOnlyForDeploymentPostprocessing = 0;
		};
		E9EE6F83207198670041E145 /* Frameworks */ = {
			isa = PBXFrameworksBuildPhase;
			buildActionMask = 2147483647;
			files = (
				E4F99667EEA4F70E9793DAC1 /* Pods_PasswordManagerTests.framework in Frameworks */,
			);
			runOnlyForDeploymentPostprocessing = 0;
		};
		E9EE6F8E207198670041E145 /* Frameworks */ = {
			isa = PBXFrameworksBuildPhase;
			buildActionMask = 2147483647;
			files = (
				90FC11A204BBE2193B63AD58 /* Pods_PasswordManagerUITests.framework in Frameworks */,
			);
			runOnlyForDeploymentPostprocessing = 0;
		};
/* End PBXFrameworksBuildPhase section */

/* Begin PBXGroup section */
		4793207D87435E2CFBEB1220 /* Frameworks */ = {
			isa = PBXGroup;
			children = (
				572D940B6CCD7C7CDC00599C /* Pods_PasswordManager.framework */,
				DBF99D7F0A04E60ADD7A06E7 /* Pods_PasswordManagerTests.framework */,
				6F0C55315BA605111AC59AE2 /* Pods_PasswordManagerUITests.framework */,
			);
			name = Frameworks;
			sourceTree = "<group>";
		};
		E9EE6F69207198670041E145 = {
			isa = PBXGroup;
			children = (
				E9EE6F74207198670041E145 /* PasswordManager */,
				E9EE6F89207198670041E145 /* PasswordManagerTests */,
				E9EE6F94207198670041E145 /* PasswordManagerUITests */,
				E9EE6F73207198670041E145 /* Products */,
				FFF202E5CF09DFA257114BEF /* Pods */,
				4793207D87435E2CFBEB1220 /* Frameworks */,
			);
			sourceTree = "<group>";
		};
		E9EE6F73207198670041E145 /* Products */ = {
			isa = PBXGroup;
			children = (
				E9EE6F72207198670041E145 /* PasswordManager.app */,
				E9EE6F86207198670041E145 /* PasswordManagerTests.xctest */,
				E9EE6F91207198670041E145 /* PasswordManagerUITests.xctest */,
			);
			name = Products;
			sourceTree = "<group>";
		};
		E9EE6F74207198670041E145 /* PasswordManager */ = {
			isa = PBXGroup;
			children = (
				E9EE6F75207198670041E145 /* AppDelegate.swift */,
				E9EE6F77207198670041E145 /* ViewController.swift */,
				E9EE6F79207198670041E145 /* Main.storyboard */,
				E9EE6F7C207198670041E145 /* Assets.xcassets */,
				E9EE6F7E207198670041E145 /* LaunchScreen.storyboard */,
				E9EE6F81207198670041E145 /* Info.plist */,
			);
			path = PasswordManager;
			sourceTree = "<group>";
		};
		E9EE6F89207198670041E145 /* PasswordManagerTests */ = {
			isa = PBXGroup;
			children = (
				E9EE6F8A207198670041E145 /* PasswordManagerTests.swift */,
				E9EE6F8C207198670041E145 /* Info.plist */,
			);
			path = PasswordManagerTests;
			sourceTree = "<group>";
		};
		E9EE6F94207198670041E145 /* PasswordManagerUITests */ = {
			isa = PBXGroup;
			children = (
				E9EE6F95207198670041E145 /* PasswordManagerUITests.swift */,
				E9EE6F97207198670041E145 /* Info.plist */,
			);
			path = PasswordManagerUITests;
			sourceTree = "<group>";
		};
		FFF202E5CF09DFA257114BEF /* Pods */ = {
			isa = PBXGroup;
			children = (
				3B3C6C19F3CC25A991E89C62 /* Pods-PasswordManager.debug.xcconfig */,
				EB53EB27C6ADBEA7A4BFFCE2 /* Pods-PasswordManager.release.xcconfig */,
				687B6DC8612E64ECE6E5B8E6 /* Pods-PasswordManagerTests.debug.xcconfig */,
				E1A60E03E3A72AD37A207644 /* Pods-PasswordManagerTests.release.xcconfig */,
				3EE7BAE3774191BB2989D959 /* Pods-PasswordManagerUITests.debug.xcconfig */,
				177FA319C9E8F05EC7A458B7 /* Pods-PasswordManagerUITests.release.xcconfig */,
			);
			name = Pods;
			sourceTree = "<group>";
		};
/* End PBXGroup section */

/* Begin PBXNativeTarget section */
		E9EE6F71207198670041E145 /* PasswordManager */ = {
			isa = PBXNativeTarget;
			buildConfigurationList = E9EE6F9A207198670041E145 /* Build configuration list for PBXNativeTarget "PasswordManager" */;
			buildPhases = (
				4EED7FA1AF7E53B5EE76626F /* [CP] Check Pods Manifest.lock */,
				E9EE6F6E207198670041E145 /* Sources */,
				E9EE6F6F207198670041E145 /* Frameworks */,
				E9EE6F70207198670041E145 /* Resources */,
				96087B386EC8B84A9B2423F2 /* [CP] Embed Pods Frameworks */,
				A729203C2EB85E6DFD6E74AE /* [CP] Copy Pods Resources */,
			);
			buildRules = (
			);
			dependencies = (
			);
			name = PasswordManager;
			productName = PasswordManager;
			productReference = E9EE6F72207198670041E145 /* PasswordManager.app */;
			productType = "com.apple.product-type.application";
		};
		E9EE6F85207198670041E145 /* PasswordManagerTests */ = {
			isa = PBXNativeTarget;
			buildConfigurationList = E9EE6F9D207198670041E145 /* Build configuration list for PBXNativeTarget "PasswordManagerTests" */;
			buildPhases = (
				05EC1DC5C684F30A0EA0BD93 /* [CP] Check Pods Manifest.lock */,
				E9EE6F82207198670041E145 /* Sources */,
				E9EE6F83207198670041E145 /* Frameworks */,
				E9EE6F84207198670041E145 /* Resources */,
				06536914AFE3EF3930F4A643 /* [CP] Embed Pods Frameworks */,
				7E0226C913250896825D2B63 /* [CP] Copy Pods Resources */,
			);
			buildRules = (
			);
			dependencies = (
				E9EE6F88207198670041E145 /* PBXTargetDependency */,
			);
			name = PasswordManagerTests;
			productName = PasswordManagerTests;
			productReference = E9EE6F86207198670041E145 /* PasswordManagerTests.xctest */;
			productType = "com.apple.product-type.bundle.unit-test";
		};
		E9EE6F90207198670041E145 /* PasswordManagerUITests */ = {
			isa = PBXNativeTarget;
			buildConfigurationList = E9EE6FA0207198670041E145 /* Build configuration list for PBXNativeTarget "PasswordManagerUITests" */;
			buildPhases = (
				274DB7AE3972F8EB4AA6B64C /* [CP] Check Pods Manifest.lock */,
				E9EE6F8D207198670041E145 /* Sources */,
				E9EE6F8E207198670041E145 /* Frameworks */,
				E9EE6F8F207198670041E145 /* Resources */,
				AE865FF052E8F6AB10D6C35A /* [CP] Embed Pods Frameworks */,
				38DC51876C6B251FF0695CD0 /* [CP] Copy Pods Resources */,
			);
			buildRules = (
			);
			dependencies = (
				E9EE6F93207198670041E145 /* PBXTargetDependency */,
			);
			name = PasswordManagerUITests;
			productName = PasswordManagerUITests;
			productReference = E9EE6F91207198670041E145 /* PasswordManagerUITests.xctest */;
			productType = "com.apple.product-type.bundle.ui-testing";
		};
/* End PBXNativeTarget section */

/* Begin PBXProject section */
		E9EE6F6A207198670041E145 /* Project object */ = {
			isa = PBXProject;
			attributes = {
				LastSwiftUpdateCheck = 0920;
				LastUpgradeCheck = 0920;
				ORGANIZATIONNAME = "Italo Henrique Queiroz";
				TargetAttributes = {
					E9EE6F71207198670041E145 = {
						CreatedOnToolsVersion = 9.2;
						ProvisioningStyle = Automatic;
					};
					E9EE6F85207198670041E145 = {
						CreatedOnToolsVersion = 9.2;
						ProvisioningStyle = Automatic;
						TestTargetID = E9EE6F71207198670041E145;
					};
					E9EE6F90207198670041E145 = {
						CreatedOnToolsVersion = 9.2;
						ProvisioningStyle = Automatic;
						TestTargetID = E9EE6F71207198670041E145;
					};
				};
			};
			buildConfigurationList = E9EE6F6D207198670041E145 /* Build configuration list for PBXProject "PasswordManager" */;
			compatibilityVersion = "Xcode 8.0";
			developmentRegion = en;
			hasScannedForEncodings = 0;
			knownRegions = (
				en,
				Base,
			);
			mainGroup = E9EE6F69207198670041E145;
			productRefGroup = E9EE6F73207198670041E145 /* Products */;
			projectDirPath = "";
			projectRoot = "";
			targets = (
				E9EE6F71207198670041E145 /* PasswordManager */,
				E9EE6F85207198670041E145 /* PasswordManagerTests */,
				E9EE6F90207198670041E145 /* PasswordManagerUITests */,
			);
		};
/* End PBXProject section */

/* Begin PBXResourcesBuildPhase section */
		E9EE6F70207198670041E145 /* Resources */ = {
			isa = PBXResourcesBuildPhase;
			buildActionMask = 2147483647;
			files = (
				E9EE6F80207198670041E145 /* LaunchScreen.storyboard in Resources */,
				E9EE6F7D207198670041E145 /* Assets.xcassets in Resources */,
				E9EE6F7B207198670041E145 /* Main.storyboard in Resources */,
			);
			runOnlyForDeploymentPostprocessing = 0;
		};
		E9EE6F84207198670041E145 /* Resources */ = {
			isa = PBXResourcesBuildPhase;
			buildActionMask = 2147483647;
			files = (
			);
			runOnlyForDeploymentPostprocessing = 0;
		};
		E9EE6F8F207198670041E145 /* Resources */ = {
			isa = PBXResourcesBuildPhase;
			buildActionMask = 2147483647;
			files = (
			);
			runOnlyForDeploymentPostprocessing = 0;
		};
/* End PBXResourcesBuildPhase section */

/* Begin PBXShellScriptBuildPhase section */
		05EC1DC5C684F30A0EA0BD93 /* [CP] Check Pods Manifest.lock */ = {
			isa = PBXShellScriptBuildPhase;
			buildActionMask = 2147483647;
			files = (
			);
			inputPaths = (
				"${PODS_PODFILE_DIR_PATH}/Podfile.lock",
				"${PODS_ROOT}/Manifest.lock",
			);
			name = "[CP] Check Pods Manifest.lock";
			outputPaths = (
				"$(DERIVED_FILE_DIR)/Pods-PasswordManagerTests-checkManifestLockResult.txt",
			);
			runOnlyForDeploymentPostprocessing = 0;
			shellPath = /bin/sh;
			shellScript = "diff \"${PODS_PODFILE_DIR_PATH}/Podfile.lock\" \"${PODS_ROOT}/Manifest.lock\" > /dev/null\nif [ $? != 0 ] ; then\n    # print error to STDERR\n    echo \"error: The sandbox is not in sync with the Podfile.lock. Run 'pod install' or update your CocoaPods installation.\" >&2\n    exit 1\nfi\n# This output is used by Xcode 'outputs' to avoid re-running this script phase.\necho \"SUCCESS\" > \"${SCRIPT_OUTPUT_FILE_0}\"\n";
			showEnvVarsInLog = 0;
		};
		06536914AFE3EF3930F4A643 /* [CP] Embed Pods Frameworks */ = {
			isa = PBXShellScriptBuildPhase;
			buildActionMask = 2147483647;
			files = (
			);
			inputPaths = (
			);
			name = "[CP] Embed Pods Frameworks";
			outputPaths = (
			);
			runOnlyForDeploymentPostprocessing = 0;
			shellPath = /bin/sh;
			shellScript = "\"${SRCROOT}/Pods/Target Support Files/Pods-PasswordManagerTests/Pods-PasswordManagerTests-frameworks.sh\"\n";
			showEnvVarsInLog = 0;
		};
		274DB7AE3972F8EB4AA6B64C /* [CP] Check Pods Manifest.lock */ = {
			isa = PBXShellScriptBuildPhase;
			buildActionMask = 2147483647;
			files = (
			);
			inputPaths = (
				"${PODS_PODFILE_DIR_PATH}/Podfile.lock",
				"${PODS_ROOT}/Manifest.lock",
			);
			name = "[CP] Check Pods Manifest.lock";
			outputPaths = (
				"$(DERIVED_FILE_DIR)/Pods-PasswordManagerUITests-checkManifestLockResult.txt",
			);
			runOnlyForDeploymentPostprocessing = 0;
			shellPath = /bin/sh;
			shellScript = "diff \"${PODS_PODFILE_DIR_PATH}/Podfile.lock\" \"${PODS_ROOT}/Manifest.lock\" > /dev/null\nif [ $? != 0 ] ; then\n    # print error to STDERR\n    echo \"error: The sandbox is not in sync with the Podfile.lock. Run 'pod install' or update your CocoaPods installation.\" >&2\n    exit 1\nfi\n# This output is used by Xcode 'outputs' to avoid re-running this script phase.\necho \"SUCCESS\" > \"${SCRIPT_OUTPUT_FILE_0}\"\n";
			showEnvVarsInLog = 0;
		};
		38DC51876C6B251FF0695CD0 /* [CP] Copy Pods Resources */ = {
			isa = PBXShellScriptBuildPhase;
			buildActionMask = 2147483647;
			files = (
			);
			inputPaths = (
			);
			name = "[CP] Copy Pods Resources";
			outputPaths = (
			);
			runOnlyForDeploymentPostprocessing = 0;
			shellPath = /bin/sh;
			shellScript = "\"${SRCROOT}/Pods/Target Support Files/Pods-PasswordManagerUITests/Pods-PasswordManagerUITests-resources.sh\"\n";
			showEnvVarsInLog = 0;
		};
		4EED7FA1AF7E53B5EE76626F /* [CP] Check Pods Manifest.lock */ = {
			isa = PBXShellScriptBuildPhase;
			buildActionMask = 2147483647;
			files = (
			);
			inputPaths = (
				"${PODS_PODFILE_DIR_PATH}/Podfile.lock",
				"${PODS_ROOT}/Manifest.lock",
			);
			name = "[CP] Check Pods Manifest.lock";
			outputPaths = (
				"$(DERIVED_FILE_DIR)/Pods-PasswordManager-checkManifestLockResult.txt",
			);
			runOnlyForDeploymentPostprocessing = 0;
			shellPath = /bin/sh;
			shellScript = "diff \"${PODS_PODFILE_DIR_PATH}/Podfile.lock\" \"${PODS_ROOT}/Manifest.lock\" > /dev/null\nif [ $? != 0 ] ; then\n    # print error to STDERR\n    echo \"error: The sandbox is not in sync with the Podfile.lock. Run 'pod install' or update your CocoaPods installation.\" >&2\n    exit 1\nfi\n# This output is used by Xcode 'outputs' to avoid re-running this script phase.\necho \"SUCCESS\" > \"${SCRIPT_OUTPUT_FILE_0}\"\n";
			showEnvVarsInLog = 0;
		};
		7E0226C913250896825D2B63 /* [CP] Copy Pods Resources */ = {
			isa = PBXShellScriptBuildPhase;
			buildActionMask = 2147483647;
			files = (
			);
			inputPaths = (
			);
			name = "[CP] Copy Pods Resources";
			outputPaths = (
			);
			runOnlyForDeploymentPostprocessing = 0;
			shellPath = /bin/sh;
			shellScript = "\"${SRCROOT}/Pods/Target Support Files/Pods-PasswordManagerTests/Pods-PasswordManagerTests-resources.sh\"\n";
			showEnvVarsInLog = 0;
		};
		96087B386EC8B84A9B2423F2 /* [CP] Embed Pods Frameworks */ = {
			isa = PBXShellScriptBuildPhase;
			buildActionMask = 2147483647;
			files = (
			);
			inputPaths = (
				"${SRCROOT}/Pods/Target Support Files/Pods-PasswordManager/Pods-PasswordManager-frameworks.sh",
				"${BUILT_PRODUCTS_DIR}/SwiftKeychainWrapper/SwiftKeychainWrapper.framework",
			);
			name = "[CP] Embed Pods Frameworks";
			outputPaths = (
				"${TARGET_BUILD_DIR}/${FRAMEWORKS_FOLDER_PATH}/SwiftKeychainWrapper.framework",
			);
			runOnlyForDeploymentPostprocessing = 0;
			shellPath = /bin/sh;
			shellScript = "\"${SRCROOT}/Pods/Target Support Files/Pods-PasswordManager/Pods-PasswordManager-frameworks.sh\"\n";
			showEnvVarsInLog = 0;
		};
		A729203C2EB85E6DFD6E74AE /* [CP] Copy Pods Resources */ = {
			isa = PBXShellScriptBuildPhase;
			buildActionMask = 2147483647;
			files = (
			);
			inputPaths = (
			);
			name = "[CP] Copy Pods Resources";
			outputPaths = (
			);
			runOnlyForDeploymentPostprocessing = 0;
			shellPath = /bin/sh;
			shellScript = "\"${SRCROOT}/Pods/Target Support Files/Pods-PasswordManager/Pods-PasswordManager-resources.sh\"\n";
			showEnvVarsInLog = 0;
		};
		AE865FF052E8F6AB10D6C35A /* [CP] Embed Pods Frameworks */ = {
			isa = PBXShellScriptBuildPhase;
			buildActionMask = 2147483647;
			files = (
			);
			inputPaths = (
			);
			name = "[CP] Embed Pods Frameworks";
			outputPaths = (
			);
			runOnlyForDeploymentPostprocessing = 0;
			shellPath = /bin/sh;
			shellScript = "\"${SRCROOT}/Pods/Target Support Files/Pods-PasswordManagerUITests/Pods-PasswordManagerUITests-frameworks.sh\"\n";
			showEnvVarsInLog = 0;
		};
/* End PBXShellScriptBuildPhase section */

/* Begin PBXSourcesBuildPhase section */
		E9EE6F6E207198670041E145 /* Sources */ = {
			isa = PBXSourcesBuildPhase;
			buildActionMask = 2147483647;
			files = (
				E9EE6F78207198670041E145 /* ViewController.swift in Sources */,
				E9EE6F76207198670041E145 /* AppDelegate.swift in Sources */,
			);
			runOnlyForDeploymentPostprocessing = 0;
		};
		E9EE6F82207198670041E145 /* Sources */ = {
			isa = PBXSourcesBuildPhase;
			buildActionMask = 2147483647;
			files = (
				E9EE6F8B207198670041E145 /* PasswordManagerTests.swift in Sources */,
			);
			runOnlyForDeploymentPostprocessing = 0;
		};
		E9EE6F8D207198670041E145 /* Sources */ = {
			isa = PBXSourcesBuildPhase;
			buildActionMask = 2147483647;
			files = (
				E9EE6F96207198670041E145 /* PasswordManagerUITests.swift in Sources */,
			);
			runOnlyForDeploymentPostprocessing = 0;
		};
/* End PBXSourcesBuildPhase section */

/* Begin PBXTargetDependency section */
		E9EE6F88207198670041E145 /* PBXTargetDependency */ = {
			isa = PBXTargetDependency;
			target = E9EE6F71207198670041E145 /* PasswordManager */;
			targetProxy = E9EE6F87207198670041E145 /* PBXContainerItemProxy */;
		};
		E9EE6F93207198670041E145 /* PBXTargetDependency */ = {
			isa = PBXTargetDependency;
			target = E9EE6F71207198670041E145 /* PasswordManager */;
			targetProxy = E9EE6F92207198670041E145 /* PBXContainerItemProxy */;
		};
/* End PBXTargetDependency section */

/* Begin PBXVariantGroup section */
		E9EE6F79207198670041E145 /* Main.storyboard */ = {
			isa = PBXVariantGroup;
			children = (
				E9EE6F7A207198670041E145 /* Base */,
			);
			name = Main.storyboard;
			sourceTree = "<group>";
		};
		E9EE6F7E207198670041E145 /* LaunchScreen.storyboard */ = {
			isa = PBXVariantGroup;
			children = (
				E9EE6F7F207198670041E145 /* Base */,
			);
			name = LaunchScreen.storyboard;
			sourceTree = "<group>";
		};
/* End PBXVariantGroup section */

/* Begin XCBuildConfiguration section */
		E9EE6F98207198670041E145 /* Debug */ = {
			isa = XCBuildConfiguration;
			buildSettings = {
				ALWAYS_SEARCH_USER_PATHS = NO;
				CLANG_ANALYZER_NONNULL = YES;
				CLANG_ANALYZER_NUMBER_OBJECT_CONVERSION = YES_AGGRESSIVE;
				CLANG_CXX_LANGUAGE_STANDARD = "gnu++14";
				CLANG_CXX_LIBRARY = "libc++";
				CLANG_ENABLE_MODULES = YES;
				CLANG_ENABLE_OBJC_ARC = YES;
				CLANG_WARN_BLOCK_CAPTURE_AUTORELEASING = YES;
				CLANG_WARN_BOOL_CONVERSION = YES;
				CLANG_WARN_COMMA = YES;
				CLANG_WARN_CONSTANT_CONVERSION = YES;
				CLANG_WARN_DIRECT_OBJC_ISA_USAGE = YES_ERROR;
				CLANG_WARN_DOCUMENTATION_COMMENTS = YES;
				CLANG_WARN_EMPTY_BODY = YES;
				CLANG_WARN_ENUM_CONVERSION = YES;
				CLANG_WARN_INFINITE_RECURSION = YES;
				CLANG_WARN_INT_CONVERSION = YES;
				CLANG_WARN_NON_LITERAL_NULL_CONVERSION = YES;
				CLANG_WARN_OBJC_LITERAL_CONVERSION = YES;
				CLANG_WARN_OBJC_ROOT_CLASS = YES_ERROR;
				CLANG_WARN_RANGE_LOOP_ANALYSIS = YES;
				CLANG_WARN_STRICT_PROTOTYPES = YES;
				CLANG_WARN_SUSPICIOUS_MOVE = YES;
				CLANG_WARN_UNGUARDED_AVAILABILITY = YES_AGGRESSIVE;
				CLANG_WARN_UNREACHABLE_CODE = YES;
				CLANG_WARN__DUPLICATE_METHOD_MATCH = YES;
				CODE_SIGN_IDENTITY = "iPhone Developer";
				COPY_PHASE_STRIP = NO;
				DEBUG_INFORMATION_FORMAT = dwarf;
				ENABLE_STRICT_OBJC_MSGSEND = YES;
				ENABLE_TESTABILITY = YES;
				GCC_C_LANGUAGE_STANDARD = gnu11;
				GCC_DYNAMIC_NO_PIC = NO;
				GCC_NO_COMMON_BLOCKS = YES;
				GCC_OPTIMIZATION_LEVEL = 0;
				GCC_PREPROCESSOR_DEFINITIONS = (
					"DEBUG=1",
					"$(inherited)",
				);
				GCC_WARN_64_TO_32_BIT_CONVERSION = YES;
				GCC_WARN_ABOUT_RETURN_TYPE = YES_ERROR;
				GCC_WARN_UNDECLARED_SELECTOR = YES;
				GCC_WARN_UNINITIALIZED_AUTOS = YES_AGGRESSIVE;
				GCC_WARN_UNUSED_FUNCTION = YES;
				GCC_WARN_UNUSED_VARIABLE = YES;
				IPHONEOS_DEPLOYMENT_TARGET = 11.2;
				MTL_ENABLE_DEBUG_INFO = YES;
				ONLY_ACTIVE_ARCH = YES;
				SDKROOT = iphoneos;
				SWIFT_ACTIVE_COMPILATION_CONDITIONS = DEBUG;
				SWIFT_OPTIMIZATION_LEVEL = "-Onone";
			};
			name = Debug;
		};
		E9EE6F99207198670041E145 /* Release */ = {
			isa = XCBuildConfiguration;
			buildSettings = {
				ALWAYS_SEARCH_USER_PATHS = NO;
				CLANG_ANALYZER_NONNULL = YES;
				CLANG_ANALYZER_NUMBER_OBJECT_CONVERSION = YES_AGGRESSIVE;
				CLANG_CXX_LANGUAGE_STANDARD = "gnu++14";
				CLANG_CXX_LIBRARY = "libc++";
				CLANG_ENABLE_MODULES = YES;
				CLANG_ENABLE_OBJC_ARC = YES;
				CLANG_WARN_BLOCK_CAPTURE_AUTORELEASING = YES;
				CLANG_WARN_BOOL_CONVERSION = YES;
				CLANG_WARN_COMMA = YES;
				CLANG_WARN_CONSTANT_CONVERSION = YES;
				CLANG_WARN_DIRECT_OBJC_ISA_USAGE = YES_ERROR;
				CLANG_WARN_DOCUMENTATION_COMMENTS = YES;
				CLANG_WARN_EMPTY_BODY = YES;
				CLANG_WARN_ENUM_CONVERSION = YES;
				CLANG_WARN_INFINITE_RECURSION = YES;
				CLANG_WARN_INT_CONVERSION = YES;
				CLANG_WARN_NON_LITERAL_NULL_CONVERSION = YES;
				CLANG_WARN_OBJC_LITERAL_CONVERSION = YES;
				CLANG_WARN_OBJC_ROOT_CLASS = YES_ERROR;
				CLANG_WARN_RANGE_LOOP_ANALYSIS = YES;
				CLANG_WARN_STRICT_PROTOTYPES = YES;
				CLANG_WARN_SUSPICIOUS_MOVE = YES;
				CLANG_WARN_UNGUARDED_AVAILABILITY = YES_AGGRESSIVE;
				CLANG_WARN_UNREACHABLE_CODE = YES;
				CLANG_WARN__DUPLICATE_METHOD_MATCH = YES;
				CODE_SIGN_IDENTITY = "iPhone Developer";
				COPY_PHASE_STRIP = NO;
				DEBUG_INFORMATION_FORMAT = "dwarf-with-dsym";
				ENABLE_NS_ASSERTIONS = NO;
				ENABLE_STRICT_OBJC_MSGSEND = YES;
				GCC_C_LANGUAGE_STANDARD = gnu11;
				GCC_NO_COMMON_BLOCKS = YES;
				GCC_WARN_64_TO_32_BIT_CONVERSION = YES;
				GCC_WARN_ABOUT_RETURN_TYPE = YES_ERROR;
				GCC_WARN_UNDECLARED_SELECTOR = YES;
				GCC_WARN_UNINITIALIZED_AUTOS = YES_AGGRESSIVE;
				GCC_WARN_UNUSED_FUNCTION = YES;
				GCC_WARN_UNUSED_VARIABLE = YES;
				IPHONEOS_DEPLOYMENT_TARGET = 11.2;
				MTL_ENABLE_DEBUG_INFO = NO;
				SDKROOT = iphoneos;
				SWIFT_OPTIMIZATION_LEVEL = "-Owholemodule";
				VALIDATE_PRODUCT = YES;
			};
			name = Release;
		};
		E9EE6F9B207198670041E145 /* Debug */ = {
			isa = XCBuildConfiguration;
			baseConfigurationReference = 3B3C6C19F3CC25A991E89C62 /* Pods-PasswordManager.debug.xcconfig */;
			buildSettings = {
				ASSETCATALOG_COMPILER_APPICON_NAME = AppIcon;
				CODE_SIGN_STYLE = Automatic;
				DEVELOPMENT_TEAM = 68E47ZJWVK;
				INFOPLIST_FILE = PasswordManager/Info.plist;
				LD_RUNPATH_SEARCH_PATHS = "$(inherited) @executable_path/Frameworks";
				PRODUCT_BUNDLE_IDENTIFIER = br.com.italohqueiroz.PasswordManager;
				PRODUCT_NAME = "$(TARGET_NAME)";
				SWIFT_VERSION = 4.0;
				TARGETED_DEVICE_FAMILY = "1,2";
			};
			name = Debug;
		};
		E9EE6F9C207198670041E145 /* Release */ = {
			isa = XCBuildConfiguration;
			baseConfigurationReference = EB53EB27C6ADBEA7A4BFFCE2 /* Pods-PasswordManager.release.xcconfig */;
			buildSettings = {
				ASSETCATALOG_COMPILER_APPICON_NAME = AppIcon;
				CODE_SIGN_STYLE = Automatic;
				DEVELOPMENT_TEAM = 68E47ZJWVK;
				INFOPLIST_FILE = PasswordManager/Info.plist;
				LD_RUNPATH_SEARCH_PATHS = "$(inherited) @executable_path/Frameworks";
				PRODUCT_BUNDLE_IDENTIFIER = br.com.italohqueiroz.PasswordManager;
				PRODUCT_NAME = "$(TARGET_NAME)";
				SWIFT_VERSION = 4.0;
				TARGETED_DEVICE_FAMILY = "1,2";
			};
			name = Release;
		};
		E9EE6F9E207198670041E145 /* Debug */ = {
			isa = XCBuildConfiguration;
			baseConfigurationReference = 687B6DC8612E64ECE6E5B8E6 /* Pods-PasswordManagerTests.debug.xcconfig */;
			buildSettings = {
				ALWAYS_EMBED_SWIFT_STANDARD_LIBRARIES = YES;
				BUNDLE_LOADER = "$(TEST_HOST)";
				CODE_SIGN_STYLE = Automatic;
				DEVELOPMENT_TEAM = 68E47ZJWVK;
				INFOPLIST_FILE = PasswordManagerTests/Info.plist;
				LD_RUNPATH_SEARCH_PATHS = "$(inherited) @executable_path/Frameworks @loader_path/Frameworks";
				PRODUCT_BUNDLE_IDENTIFIER = br.com.italohqueiroz.PasswordManagerTests;
				PRODUCT_NAME = "$(TARGET_NAME)";
				SWIFT_VERSION = 4.0;
				TARGETED_DEVICE_FAMILY = "1,2";
				TEST_HOST = "$(BUILT_PRODUCTS_DIR)/PasswordManager.app/PasswordManager";
			};
			name = Debug;
		};
		E9EE6F9F207198670041E145 /* Release */ = {
			isa = XCBuildConfiguration;
			baseConfigurationReference = E1A60E03E3A72AD37A207644 /* Pods-PasswordManagerTests.release.xcconfig */;
			buildSettings = {
				ALWAYS_EMBED_SWIFT_STANDARD_LIBRARIES = YES;
				BUNDLE_LOADER = "$(TEST_HOST)";
				CODE_SIGN_STYLE = Automatic;
				DEVELOPMENT_TEAM = 68E47ZJWVK;
				INFOPLIST_FILE = PasswordManagerTests/Info.plist;
				LD_RUNPATH_SEARCH_PATHS = "$(inherited) @executable_path/Frameworks @loader_path/Frameworks";
				PRODUCT_BUNDLE_IDENTIFIER = br.com.italohqueiroz.PasswordManagerTests;
				PRODUCT_NAME = "$(TARGET_NAME)";
				SWIFT_VERSION = 4.0;
				TARGETED_DEVICE_FAMILY = "1,2";
				TEST_HOST = "$(BUILT_PRODUCTS_DIR)/PasswordManager.app/PasswordManager";
			};
			name = Release;
		};
		E9EE6FA1207198670041E145 /* Debug */ = {
			isa = XCBuildConfiguration;
			baseConfigurationReference = 3EE7BAE3774191BB2989D959 /* Pods-PasswordManagerUITests.debug.xcconfig */;
			buildSettings = {
				ALWAYS_EMBED_SWIFT_STANDARD_LIBRARIES = YES;
				CODE_SIGN_STYLE = Automatic;
				DEVELOPMENT_TEAM = 68E47ZJWVK;
				INFOPLIST_FILE = PasswordManagerUITests/Info.plist;
				LD_RUNPATH_SEARCH_PATHS = "$(inherited) @executable_path/Frameworks @loader_path/Frameworks";
				PRODUCT_BUNDLE_IDENTIFIER = br.com.italohqueiroz.PasswordManagerUITests;
				PRODUCT_NAME = "$(TARGET_NAME)";
				SWIFT_VERSION = 4.0;
				TARGETED_DEVICE_FAMILY = "1,2";
				TEST_TARGET_NAME = PasswordManager;
			};
			name = Debug;
		};
		E9EE6FA2207198670041E145 /* Release */ = {
			isa = XCBuildConfiguration;
			baseConfigurationReference = 177FA319C9E8F05EC7A458B7 /* Pods-PasswordManagerUITests.release.xcconfig */;
			buildSettings = {
				ALWAYS_EMBED_SWIFT_STANDARD_LIBRARIES = YES;
				CODE_SIGN_STYLE = Automatic;
				DEVELOPMENT_TEAM = 68E47ZJWVK;
				INFOPLIST_FILE = PasswordManagerUITests/Info.plist;
				LD_RUNPATH_SEARCH_PATHS = "$(inherited) @executable_path/Frameworks @loader_path/Frameworks";
				PRODUCT_BUNDLE_IDENTIFIER = br.com.italohqueiroz.PasswordManagerUITests;
				PRODUCT_NAME = "$(TARGET_NAME)";
				SWIFT_VERSION = 4.0;
				TARGETED_DEVICE_FAMILY = "1,2";
				TEST_TARGET_NAME = PasswordManager;
			};
			name = Release;
		};
/* End XCBuildConfiguration section */

/* Begin XCConfigurationList section */
		E9EE6F6D207198670041E145 /* Build configuration list for PBXProject "PasswordManager" */ = {
			isa = XCConfigurationList;
			buildConfigurations = (
				E9EE6F98207198670041E145 /* Debug */,
				E9EE6F99207198670041E145 /* Release */,
			);
			defaultConfigurationIsVisible = 0;
			defaultConfigurationName = Release;
		};
		E9EE6F9A207198670041E145 /* Build configuration list for PBXNativeTarget "PasswordManager" */ = {
			isa = XCConfigurationList;
			buildConfigurations = (
				E9EE6F9B207198670041E145 /* Debug */,
				E9EE6F9C207198670041E145 /* Release */,
			);
			defaultConfigurationIsVisible = 0;
			defaultConfigurationName = Release;
		};
		E9EE6F9D207198670041E145 /* Build configuration list for PBXNativeTarget "PasswordManagerTests" */ = {
			isa = XCConfigurationList;
			buildConfigurations = (
				E9EE6F9E207198670041E145 /* Debug */,
				E9EE6F9F207198670041E145 /* Release */,
			);
			defaultConfigurationIsVisible = 0;
			defaultConfigurationName = Release;
		};
		E9EE6FA0207198670041E145 /* Build configuration list for PBXNativeTarget "PasswordManagerUITests" */ = {
			isa = XCConfigurationList;
			buildConfigurations = (
				E9EE6FA1207198670041E145 /* Debug */,
				E9EE6FA2207198670041E145 /* Release */,
			);
			defaultConfigurationIsVisible = 0;
			defaultConfigurationName = Release;
		};
/* End XCConfigurationList section */
	};
	rootObject = E9EE6F6A207198670041E145 /* Project object */;
}
